// !$*UTF8*$!
{
	archiveVersion = 1;
	classes = {
	};
	objectVersion = 77;
	objects = {

/* Begin PBXBuildFile section */
		933AAE3F2F3CCBBB0081B59C /* BKArt.bundle in Resources */ = {isa = PBXBuildFile; fileRef = 933AADFD2F3CC8D40081B59C /* BKArt.bundle */; };
		933AAE422F3CCCDF0081B59C /* BKThemes in Resources */ = {isa = PBXBuildFile; fileRef = 933AAE412F3CCCDF0081B59C /* BKThemes */; };
		9351198E2F33149A00766A5F /* AMLL in Resources */ = {isa = PBXBuildFile; fileRef = 9351198D2F33149A00766A5F /* AMLL */; };
		938818D32F7925E800880C23 /* WhatsNewKit in Frameworks */ = {isa = PBXBuildFile; productRef = AA0000000000000000000002 /* WhatsNewKit */; };
		9396ADAB2FA12C0100000002 /* mediaremote-adapter in Resources */ = {isa = PBXBuildFile; fileRef = 9396ADAB2FA12C0100000001 /* mediaremote-adapter */; };
		93CF3F832F344E9F0004C8E3 /* lddc-server in Resources */ = {isa = PBXBuildFile; fileRef = 93CF3F822F344E9F0004C8E3 /* lddc-server */; };
/* End PBXBuildFile section */

/* Begin PBXContainerItemProxy section */
		933AAE3D2F3CCB9C0081B59C /* PBXContainerItemProxy */ = {
			isa = PBXContainerItemProxy;
			containerPortal = 9351188A2F3231C500766A5F /* Project object */;
			proxyType = 1;
			remoteGlobalIDString = 933AADFC2F3CC8D40081B59C;
			remoteInfo = BKArt;
		};
/* End PBXContainerItemProxy section */

/* Begin PBXFileReference section */
		933AADFD2F3CC8D40081B59C /* BKArt.bundle */ = {isa = PBXFileReference; explicitFileType = wrapper.cfbundle; includeInIndex = 0; path = BKArt.bundle; sourceTree = BUILT_PRODUCTS_DIR; };
		933AAE412F3CCCDF0081B59C /* BKThemes */ = {isa = PBXFileReference; lastKnownFileType = folder; path = BKThemes; sourceTree = "<group>"; };
		935118922F3231C500766A5F /* kmgccc_player.app */ = {isa = PBXFileReference; explicitFileType = wrapper.application; includeInIndex = 0; path = kmgccc_player.app; sourceTree = BUILT_PRODUCTS_DIR; };
		9351198D2F33149A00766A5F /* AMLL */ = {isa = PBXFileReference; lastKnownFileType = folder; name = AMLL; path = myPlayer2/Resources/AMLL; sourceTree = "<group>"; };
		9396ADAB2FA12C0100000001 /* mediaremote-adapter */ = {isa = PBXFileReference; lastKnownFileType = folder; name = "mediaremote-adapter"; path = "myPlayer2/Resources/mediaremote-adapter"; sourceTree = "<group>"; };
		93CF3F822F344E9F0004C8E3 /* lddc-server */ = {isa = PBXFileReference; lastKnownFileType = folder; name = "lddc-server"; path = "Tools/lddc-server"; sourceTree = "<group>"; };
		93D91A102FA5000000010001 /* Tools */ = {isa = PBXFileReference; lastKnownFileType = folder; name = Tools; path = myPlayer2/Resources/Tools; sourceTree = "<group>"; };
/* End PBXFileReference section */

/* Begin PBXFileSystemSynchronizedBuildFileExceptionSet section */
		933AAE402F3CCCB60081B59C /* Exceptions for "BKThemes" folder in "BKArt" target */ = {
			isa = PBXFileSystemSynchronizedBuildFileExceptionSet;
			membershipExceptions = (
				Backgrounds/bk1.png,
				Backgrounds/bk2.png,
				Mask/frame_00.png,
				Mask/frame_01.png,
				Mask/frame_02.png,
				Mask/frame_03.png,
				Mask/frame_04.png,
				Mask/frame_05.png,
				Mask/frame_06.png,
				Mask/frame_07.png,
				Mask/frame_08.png,
				Mask/frame_09.png,
				Mask/frame_10.png,
				Mask/frame_11.png,
				Mask/frame_12.png,
				Mask/frame_13.png,
				Mask/frame_14.png,
				Mask/frame_15.png,
				Mask/frame_16.png,
				Mask/frame_17.png,
				Shapes/shape1.png,
				Shapes/shape2.png,
				Shapes/shape3.png,
				Shapes/shape4.png,
				Shapes/shape5.png,
				Shapes/shape6.png,
				Shapes/shape7.png,
				Shapes/shape8.png,
				Shapes/shape9.png,
				Shapes/shape10.png,
				Shapes/shape11.png,
			);
			target = 933AADFC2F3CC8D40081B59C /* BKArt */;
		};
		9351197F2F33130A00766A5F /* Exceptions for "myPlayer2" folder in "kmgccc_player" target */ = {
			isa = PBXFileSystemSynchronizedBuildFileExceptionSet;
			membershipExceptions = (
				Info.plist,
				"Resources/mediaremote-adapter/bin/mediaremote-adapter.pl",
				"Resources/mediaremote-adapter/build/MediaRemoteAdapter.framework",
				"Resources/mediaremote-adapter/build/MediaRemoteAdapterTestClient",
				"Resources/mediaremote-adapter/LICENSE",
				"Resources/mediaremote-adapter/README.md",
				"Resources/Tools/qqmusic-helper/build-universal.sh",
				"Resources/Tools/qqmusic-helper/main.py",
				"Resources/Tools/qqmusic-helper/requirements.txt",
				Resources/Tools/sacad/sacad,
				scan_ui.py,
			);
			target = 935118912F3231C500766A5F /* kmgccc_player */;
		};
/* End PBXFileSystemSynchronizedBuildFileExceptionSet section */

/* Begin PBXFileSystemSynchronizedRootGroup section */
		933AAE202F3CC8EB0081B59C /* BKThemes */ = {
			isa = PBXFileSystemSynchronizedRootGroup;
			exceptions = (
				933AAE402F3CCCB60081B59C /* Exceptions for "BKThemes" folder in "BKArt" target */,
			);
			path = BKThemes;
			sourceTree = "<group>";
		};
		935118942F3231C500766A5F /* myPlayer2 */ = {
			isa = PBXFileSystemSynchronizedRootGroup;
			exceptions = (
				9351197F2F33130A00766A5F /* Exceptions for "myPlayer2" folder in "kmgccc_player" target */,
			);
			path = myPlayer2;
			sourceTree = "<group>";
		};
/* End PBXFileSystemSynchronizedRootGroup section */

/* Begin PBXFrameworksBuildPhase section */
		933AADFA2F3CC8D40081B59C /* Frameworks */ = {
			isa = PBXFrameworksBuildPhase;
			buildActionMask = 2147483647;
			files = (
			);
			runOnlyForDeploymentPostprocessing = 0;
		};
		9351188F2F3231C500766A5F /* Frameworks */ = {
			isa = PBXFrameworksBuildPhase;
			buildActionMask = 2147483647;
			files = (
				938818D32F7925E800880C23 /* WhatsNewKit in Frameworks */,
			);
			runOnlyForDeploymentPostprocessing = 0;
		};
/* End PBXFrameworksBuildPhase section */

/* Begin PBXGroup section */
		935118892F3231C500766A5F = {
			isa = PBXGroup;
			children = (
				933AAE412F3CCCDF0081B59C /* BKThemes */,
				93CF3F822F344E9F0004C8E3 /* lddc-server */,
				93D91A102FA5000000010001 /* Tools */,
				9351198D2F33149A00766A5F /* AMLL */,
				9396ADAB2FA12C0100000001 /* mediaremote-adapter */,
				935118942F3231C500766A5F /* myPlayer2 */,
				935118932F3231C500766A5F /* Products */,
				93EBF7BA2F8A113D007F15E3 /* Recovered References */,
			);
			sourceTree = "<group>";
		};
		935118932F3231C500766A5F /* Products */ = {
			isa = PBXGroup;
			children = (
				935118922F3231C500766A5F /* kmgccc_player.app */,
				933AADFD2F3CC8D40081B59C /* BKArt.bundle */,
			);
			name = Products;
			sourceTree = "<group>";
		};
		93EBF7BA2F8A113D007F15E3 /* Recovered References */ = {
			isa = PBXGroup;
			children = (
				933AAE202F3CC8EB0081B59C /* BKThemes */,
			);
			name = "Recovered References";
			sourceTree = "<group>";
		};
/* End PBXGroup section */

/* Begin PBXNativeTarget section */
		933AADFC2F3CC8D40081B59C /* BKArt */ = {
			isa = PBXNativeTarget;
			buildConfigurationList = 933AADFE2F3CC8D40081B59C /* Build configuration list for PBXNativeTarget "BKArt" */;
			buildPhases = (
				933AADF92F3CC8D40081B59C /* Sources */,
				933AADFA2F3CC8D40081B59C /* Frameworks */,
				933AADFB2F3CC8D40081B59C /* Resources */,
			);
			buildRules = (
			);
			dependencies = (
			);
			fileSystemSynchronizedGroups = (
				933AAE202F3CC8EB0081B59C /* BKThemes */,
			);
			name = BKArt;
			packageProductDependencies = (
			);
			productName = bkMask;
			productReference = 933AADFD2F3CC8D40081B59C /* BKArt.bundle */;
			productType = "com.apple.product-type.bundle";
		};
		935118912F3231C500766A5F /* kmgccc_player */ = {
			isa = PBXNativeTarget;
			buildConfigurationList = 9351189D2F3231C700766A5F /* Build configuration list for PBXNativeTarget "kmgccc_player" */;
			buildPhases = (
				9351188E2F3231C500766A5F /* Sources */,
				9351188F2F3231C500766A5F /* Frameworks */,
				935118902F3231C500766A5F /* Resources */,
				93D91A122FA5000000010001 /* Copy QQMusic helper */,
				93D91A132FA5000000010002 /* Copy SACAD helper */,
			);
			buildRules = (
			);
			dependencies = (
				933AAE3E2F3CCB9C0081B59C /* PBXTargetDependency */,
			);
			fileSystemSynchronizedGroups = (
				935118942F3231C500766A5F /* myPlayer2 */,
			);
			name = kmgccc_player;
			packageProductDependencies = (
				AA0000000000000000000002 /* WhatsNewKit */,
			);
			productName = myPlayer2;
			productReference = 935118922F3231C500766A5F /* kmgccc_player.app */;
			productType = "com.apple.product-type.application";
		};
/* End PBXNativeTarget section */

/* Begin PBXProject section */
		9351188A2F3231C500766A5F /* Project object */ = {
			isa = PBXProject;
			attributes = {
				BuildIndependentTargetsInParallel = 1;
				LastSwiftUpdateCheck = 2620;
				LastUpgradeCheck = 2640;
				TargetAttributes = {
					933AADFC2F3CC8D40081B59C = {
						CreatedOnToolsVersion = 26.2;
					};
					935118912F3231C500766A5F = {
						CreatedOnToolsVersion = 26.2;
					};
				};
			};
			buildConfigurationList = 9351188D2F3231C500766A5F /* Build configuration list for PBXProject "kmgccc_player" */;
			developmentRegion = "zh-Hans";
			hasScannedForEncodings = 0;
			knownRegions = (
				Base,
				"zh-Hans",
				temp,
			);
			mainGroup = 935118892F3231C500766A5F;
			minimizedProjectReferenceProxies = 1;
			packageReferences = (
				AA0000000000000000000001 /* XCRemoteSwiftPackageReference "WhatsNewKit" */,
			);
			preferredProjectObjectVersion = 77;
			productRefGroup = 935118932F3231C500766A5F /* Products */;
			projectDirPath = "";
			projectRoot = "";
			targets = (
				935118912F3231C500766A5F /* kmgccc_player */,
				933AADFC2F3CC8D40081B59C /* BKArt */,
			);
		};
/* End PBXProject section */

/* Begin PBXResourcesBuildPhase section */
		933AADFB2F3CC8D40081B59C /* Resources */ = {
			isa = PBXResourcesBuildPhase;
			buildActionMask = 2147483647;
			files = (
				933AAE422F3CCCDF0081B59C /* BKThemes in Resources */,
			);
			runOnlyForDeploymentPostprocessing = 0;
		};
		935118902F3231C500766A5F /* Resources */ = {
			isa = PBXResourcesBuildPhase;
			buildActionMask = 2147483647;
			files = (
				933AAE3F2F3CCBBB0081B59C /* BKArt.bundle in Resources */,
				9351198E2F33149A00766A5F /* AMLL in Resources */,
				9396ADAB2FA12C0100000002 /* mediaremote-adapter in Resources */,
				93CF3F832F344E9F0004C8E3 /* lddc-server in Resources */,
			);
			runOnlyForDeploymentPostprocessing = 0;
		};
/* End PBXResourcesBuildPhase section */

/* Begin PBXShellScriptBuildPhase section */
		93D91A122FA5000000010001 /* Copy QQMusic helper */ = {
			isa = PBXShellScriptBuildPhase;
			alwaysOutOfDate = 1;
			buildActionMask = 2147483647;
			files = (
			);
			inputFileListPaths = (
			);
			inputPaths = (
				"$(PROJECT_DIR)/myPlayer2/Resources/Tools/qqmusic-helper/qqmusic-helper",
				"$(PROJECT_DIR)/myPlayer2/Resources/Tools/qqmusic-helper/_internal.bundle",
			);
			name = "Copy QQMusic helper";
			outputFileListPaths = (
			);
			outputPaths = (
				"$(TARGET_BUILD_DIR)/$(UNLOCALIZED_RESOURCES_FOLDER_PATH)/Tools/qqmusic-helper",
				"$(TARGET_BUILD_DIR)/$(UNLOCALIZED_RESOURCES_FOLDER_PATH)/Tools/qqmusic-helper/qqmusic-helper",
				"$(TARGET_BUILD_DIR)/$(UNLOCALIZED_RESOURCES_FOLDER_PATH)/Tools/qqmusic-helper/_internal.bundle",
			);
			runOnlyForDeploymentPostprocessing = 0;
			shellPath = /bin/bash;
			shellScript = "set -euo pipefail\nSRC=\"${PROJECT_DIR}/myPlayer2/Resources/Tools/qqmusic-helper\"\nDST=\"${TARGET_BUILD_DIR}/${UNLOCALIZED_RESOURCES_FOLDER_PATH}/Tools/qqmusic-helper\"\nAPP=\"${TARGET_BUILD_DIR}/${WRAPPER_NAME}\"\nclean_xattrs() {\n  local root=\"$1\"\n  while IFS= read -r -d '' item; do\n    /usr/bin/xattr -d com.apple.FinderInfo \"${item}\" 2>/dev/null || true\n    /usr/bin/xattr -d 'com.apple.fileprovider.fpfs#P' \"${item}\" 2>/dev/null || true\n    /usr/bin/xattr -d com.apple.ResourceFork \"${item}\" 2>/dev/null || true\n  done < <(/usr/bin/find \"${root}\" -print0)\n  /usr/bin/xattr -cr \"${root}\" 2>/dev/null || true\n}\nif [ ! -x \"${SRC}/qqmusic-helper\" ]; then\n  echo \"warning: QQMusic helper binary missing or not executable: ${SRC}/qqmusic-helper\"\n  exit 0\nfi\nmkdir -p \"${DST}\"\nCOPYFILE_DISABLE=1 /bin/cp -f \"${SRC}/qqmusic-helper\" \"${DST}/qqmusic-helper\"\nif [ -d \"${SRC}/_internal.bundle\" ]; then\n  mkdir -p \"${DST}/_internal.bundle\"\n  COPYFILE_DISABLE=1 /bin/cp -R \"${SRC}/_internal.bundle/.\" \"${DST}/_internal.bundle/\"\nfi\nclean_xattrs \"${DST}\"\nchmod 755 \"${DST}/qqmusic-helper\"\ncodesign --force --deep --sign - \"${DST}/qqmusic-helper\" >/dev/null 2>&1 || true\nclean_xattrs \"${APP}\"\n";
		};
		93D91A132FA5000000010002 /* Copy SACAD helper */ = {
			isa = PBXShellScriptBuildPhase;
			alwaysOutOfDate = 1;
			buildActionMask = 2147483647;
			files = (
			);
			inputFileListPaths = (
			);
			inputPaths = (
				"$(PROJECT_DIR)/myPlayer2/Resources/Tools/sacad/sacad",
			);
			name = "Copy SACAD helper";
			outputFileListPaths = (
			);
			outputPaths = (
				"$(TARGET_BUILD_DIR)/$(UNLOCALIZED_RESOURCES_FOLDER_PATH)/Tools/sacad/sacad",
			);
			runOnlyForDeploymentPostprocessing = 0;
			shellPath = /bin/bash;
			shellScript = "set -euo pipefail\nSRC=\"${PROJECT_DIR}/myPlayer2/Resources/Tools/sacad/sacad\"\nDST_DIR=\"${TARGET_BUILD_DIR}/${UNLOCALIZED_RESOURCES_FOLDER_PATH}/Tools/sacad\"\nDST=\"${DST_DIR}/sacad\"\nif [ ! -x \"${SRC}\" ]; then\n  echo \"error: SACAD arm64 binary missing or not executable: ${SRC}\"\n  exit 1\nfi\nmkdir -p \"${DST_DIR}\"\nCOPYFILE_DISABLE=1 /bin/cp -f \"${SRC}\" \"${DST}\"\n/usr/bin/xattr -cr \"${DST}\" 2>/dev/null || true\nchmod 755 \"${DST}\"\n/usr/bin/codesign --force --sign - \"${DST}\" >/dev/null 2>&1 || true\n";
		};
/* End PBXShellScriptBuildPhase section */

/* Begin PBXSourcesBuildPhase section */
		933AADF92F3CC8D40081B59C /* Sources */ = {
			isa = PBXSourcesBuildPhase;
			buildActionMask = 2147483647;
			files = (
			);
			runOnlyForDeploymentPostprocessing = 0;
		};
		9351188E2F3231C500766A5F /* Sources */ = {
			isa = PBXSourcesBuildPhase;
			buildActionMask = 2147483647;
			files = (
			);
			runOnlyForDeploymentPostprocessing = 0;
		};
/* End PBXSourcesBuildPhase section */

/* Begin PBXTargetDependency section */
		933AAE3E2F3CCB9C0081B59C /* PBXTargetDependency */ = {
			isa = PBXTargetDependency;
			target = 933AADFC2F3CC8D40081B59C /* BKArt */;
			targetProxy = 933AAE3D2F3CCB9C0081B59C /* PBXContainerItemProxy */;
		};
/* End PBXTargetDependency section */

/* Begin XCBuildConfiguration section */
		933AADFF2F3CC8D40081B59C /* Debug */ = {
			isa = XCBuildConfiguration;
			buildSettings = {
				CODE_SIGN_STYLE = Automatic;
				COMBINE_HIDPI_IMAGES = YES;
				CURRENT_PROJECT_VERSION = 1;
				DEAD_CODE_STRIPPING = YES;
				GENERATE_INFOPLIST_FILE = YES;
				INFOPLIST_KEY_NSHumanReadableCopyright = "";
				INFOPLIST_KEY_NSPrincipalClass = "";
				INSTALL_PATH = "$(LOCAL_LIBRARY_DIR)/Bundles";
				MARKETING_VERSION = 1.0;
				PRODUCT_BUNDLE_IDENTIFIER = kmgccc.bkMask;
				PRODUCT_NAME = "$(TARGET_NAME)";
				SKIP_INSTALL = YES;
				STRING_CATALOG_GENERATE_SYMBOLS = YES;
				SWIFT_EMIT_LOC_STRINGS = YES;
				SWIFT_VERSION = 6.0;
				WRAPPER_EXTENSION = bundle;
			};
			name = Debug;
		};
		933AAE002F3CC8D40081B59C /* Release */ = {
			isa = XCBuildConfiguration;
			buildSettings = {
				CODE_SIGN_STYLE = Automatic;
				COMBINE_HIDPI_IMAGES = YES;
				CURRENT_PROJECT_VERSION = 1;
				DEAD_CODE_STRIPPING = YES;
				GENERATE_INFOPLIST_FILE = YES;
				INFOPLIST_KEY_NSHumanReadableCopyright = "";
				INFOPLIST_KEY_NSPrincipalClass = "";
				INSTALL_PATH = "$(LOCAL_LIBRARY_DIR)/Bundles";
				MARKETING_VERSION = 1.0;
				PRODUCT_BUNDLE_IDENTIFIER = kmgccc.bkMask;
				PRODUCT_NAME = "$(TARGET_NAME)";
				SKIP_INSTALL = YES;
				STRING_CATALOG_GENERATE_SYMBOLS = YES;
				SWIFT_EMIT_LOC_STRINGS = YES;
				SWIFT_VERSION = 6.0;
				WRAPPER_EXTENSION = bundle;
			};
			name = Release;
		};
		9351189B2F3231C700766A5F /* Debug */ = {
			isa = XCBuildConfiguration;
			buildSettings = {
				ALWAYS_SEARCH_USER_PATHS = NO;
				ASSETCATALOG_COMPILER_GENERATE_SWIFT_ASSET_SYMBOL_EXTENSIONS = YES;
				CLANG_ANALYZER_NONNULL = YES;
				CLANG_ANALYZER_NUMBER_OBJECT_CONVERSION = YES_AGGRESSIVE;
				CLANG_CXX_LANGUAGE_STANDARD = "gnu++20";
				CLANG_ENABLE_MODULES = YES;
				CLANG_ENABLE_OBJC_ARC = YES;
				CLANG_ENABLE_OBJC_WEAK = YES;
				CLANG_WARN_BLOCK_CAPTURE_AUTORELEASING = YES;
				CLANG_WARN_BOOL_CONVERSION = YES;
				CLANG_WARN_COMMA = YES;
				CLANG_WARN_CONSTANT_CONVERSION = YES;
				CLANG_WARN_DEPRECATED_OBJC_IMPLEMENTATIONS = YES;
				CLANG_WARN_DIRECT_OBJC_ISA_USAGE = YES_ERROR;
				CLANG_WARN_DOCUMENTATION_COMMENTS = YES;
				CLANG_WARN_EMPTY_BODY = YES;
				CLANG_WARN_ENUM_CONVERSION = YES;
				CLANG_WARN_INFINITE_RECURSION = YES;
				CLANG_WARN_INT_CONVERSION = YES;
				CLANG_WARN_NON_LITERAL_NULL_CONVERSION = YES;
				CLANG_WARN_OBJC_IMPLICIT_RETAIN_SELF = YES;
				CLANG_WARN_OBJC_LITERAL_CONVERSION = YES;
				CLANG_WARN_OBJC_ROOT_CLASS = YES_ERROR;
				CLANG_WARN_QUOTED_INCLUDE_IN_FRAMEWORK_HEADER = YES;
				CLANG_WARN_RANGE_LOOP_ANALYSIS = YES;
				CLANG_WARN_STRICT_PROTOTYPES = YES;
				CLANG_WARN_SUSPICIOUS_MOVE = YES;
				CLANG_WARN_UNGUARDED_AVAILABILITY = YES_AGGRESSIVE;
				CLANG_WARN_UNREACHABLE_CODE = YES;
				CLANG_WARN__DUPLICATE_METHOD_MATCH = YES;
				COPY_PHASE_STRIP = NO;
				DEAD_CODE_STRIPPING = YES;
				DEBUG_INFORMATION_FORMAT = dwarf;
				DEVELOPMENT_TEAM = TYU73KR9WW;
				ENABLE_STRICT_OBJC_MSGSEND = YES;
				ENABLE_TESTABILITY = YES;
				ENABLE_USER_SCRIPT_SANDBOXING = YES;
				GCC_C_LANGUAGE_STANDARD = gnu17;
				GCC_DYNAMIC_NO_PIC = NO;
				GCC_NO_COMMON_BLOCKS = YES;
				GCC_OPTIMIZATION_LEVEL = 0;
				GCC_PREPROCESSOR_DEFINITIONS = (
					"DEBUG=1",
					"$(inherited)",
				);
				GCC_WARN_64_TO_32_BIT_CONVERSION = YES;
				GCC_WARN_ABOUT_RETURN_TYPE = YES_ERROR;
				GCC_WARN_UNDECLARED_SELECTOR = YES;
				GCC_WARN_UNINITIALIZED_AUTOS = YES_AGGRESSIVE;
				GCC_WARN_UNUSED_FUNCTION = YES;
				GCC_WARN_UNUSED_VARIABLE = YES;
				LOCALIZATION_PREFERS_STRING_CATALOGS = YES;
				MACOSX_DEPLOYMENT_TARGET = 26.2;
				MTL_ENABLE_DEBUG_INFO = INCLUDE_SOURCE;
				MTL_FAST_MATH = YES;
				ONLY_ACTIVE_ARCH = YES;
				SDKROOT = macosx;
				STRING_CATALOG_GENERATE_SYMBOLS = YES;
				SWIFT_ACTIVE_COMPILATION_CONDITIONS = "DEBUG $(inherited)";
				SWIFT_OPTIMIZATION_LEVEL = "-Onone";
			};
			name = Debug;
		};
		9351189C2F3231C700766A5F /* Release */ = {
			isa = XCBuildConfiguration;
			buildSettings = {
				ALWAYS_SEARCH_USER_PATHS = NO;
				ASSETCATALOG_COMPILER_GENERATE_SWIFT_ASSET_SYMBOL_EXTENSIONS = YES;
				CLANG_ANALYZER_NONNULL = YES;
				CLANG_ANALYZER_NUMBER_OBJECT_CONVERSION = YES_AGGRESSIVE;
				CLANG_CXX_LANGUAGE_STANDARD = "gnu++20";
				CLANG_ENABLE_MODULES = YES;
				CLANG_ENABLE_OBJC_ARC = YES;
				CLANG_ENABLE_OBJC_WEAK = YES;
				CLANG_WARN_BLOCK_CAPTURE_AUTORELEASING = YES;
				CLANG_WARN_BOOL_CONVERSION = YES;
				CLANG_WARN_COMMA = YES;
				CLANG_WARN_CONSTANT_CONVERSION = YES;
				CLANG_WARN_DEPRECATED_OBJC_IMPLEMENTATIONS = YES;
				CLANG_WARN_DIRECT_OBJC_ISA_USAGE = YES_ERROR;
				CLANG_WARN_DOCUMENTATION_COMMENTS = YES;
				CLANG_WARN_EMPTY_BODY = YES;
				CLANG_WARN_ENUM_CONVERSION = YES;
				CLANG_WARN_INFINITE_RECURSION = YES;
				CLANG_WARN_INT_CONVERSION = YES;
				CLANG_WARN_NON_LITERAL_NULL_CONVERSION = YES;
				CLANG_WARN_OBJC_IMPLICIT_RETAIN_SELF = YES;
				CLANG_WARN_OBJC_LITERAL_CONVERSION = YES;
				CLANG_WARN_OBJC_ROOT_CLASS = YES_ERROR;
				CLANG_WARN_QUOTED_INCLUDE_IN_FRAMEWORK_HEADER = YES;
				CLANG_WARN_RANGE_LOOP_ANALYSIS = YES;
				CLANG_WARN_STRICT_PROTOTYPES = YES;
				CLANG_WARN_SUSPICIOUS_MOVE = YES;
				CLANG_WARN_UNGUARDED_AVAILABILITY = YES_AGGRESSIVE;
				CLANG_WARN_UNREACHABLE_CODE = YES;
				CLANG_WARN__DUPLICATE_METHOD_MATCH = YES;
				COPY_PHASE_STRIP = NO;
				DEAD_CODE_STRIPPING = YES;
				DEBUG_INFORMATION_FORMAT = "dwarf-with-dsym";
				DEVELOPMENT_TEAM = TYU73KR9WW;
				ENABLE_NS_ASSERTIONS = NO;
				ENABLE_STRICT_OBJC_MSGSEND = YES;
				ENABLE_USER_SCRIPT_SANDBOXING = YES;
				GCC_C_LANGUAGE_STANDARD = gnu17;
				GCC_NO_COMMON_BLOCKS = YES;
				GCC_WARN_64_TO_32_BIT_CONVERSION = YES;
				GCC_WARN_ABOUT_RETURN_TYPE = YES_ERROR;
				GCC_WARN_UNDECLARED_SELECTOR = YES;
				GCC_WARN_UNINITIALIZED_AUTOS = YES_AGGRESSIVE;
				GCC_WARN_UNUSED_FUNCTION = YES;
				GCC_WARN_UNUSED_VARIABLE = YES;
				LOCALIZATION_PREFERS_STRING_CATALOGS = YES;
				MACOSX_DEPLOYMENT_TARGET = 26.2;
				MTL_ENABLE_DEBUG_INFO = NO;
				MTL_FAST_MATH = YES;
				SDKROOT = macosx;
				STRING_CATALOG_GENERATE_SYMBOLS = YES;
				SWIFT_COMPILATION_MODE = wholemodule;
			};
			name = Release;
		};
		9351189E2F3231C700766A5F /* Debug */ = {
			isa = XCBuildConfiguration;
			buildSettings = {
				ASSETCATALOG_COMPILER_APPICON_NAME = kmgccc;
				ASSETCATALOG_COMPILER_GLOBAL_ACCENT_COLOR_NAME = AccentColor;
				ASSETCATALOG_COMPILER_INCLUDE_ALL_APPICON_ASSETS = YES;
				AUTOMATION_APPLE_EVENTS = NO;
				CODE_SIGN_ENTITLEMENTS = myPlayer2/myPlayer2.entitlements;
				"CODE_SIGN_IDENTITY[sdk=macosx*]" = "Apple Development";
				CODE_SIGN_STYLE = Automatic;
				COMBINE_HIDPI_IMAGES = YES;
				CURRENT_PROJECT_VERSION = 1;
				DEAD_CODE_STRIPPING = YES;
				ENABLE_APP_SANDBOX = NO;
				ENABLE_HARDENED_RUNTIME = NO;
				ENABLE_PREVIEWS = YES;
				ENABLE_RESOURCE_ACCESS_PHOTO_LIBRARY = NO;
				ENABLE_USER_SCRIPT_SANDBOXING = NO;
				EXCLUDED_SOURCE_FILE_NAMES = (
					"$(inherited)",
					.venv,
					".qqmusic-helper-venv",
					".build-universal",
					_internal,
					_internal.bundle,
					"qqmusic-helper",
					__pycache__,
					build,
					dist,
					"*.spec",
					"build-universal.sh",
					main.py,
					requirements.txt,
				);
				FRAMEWORK_SEARCH_PATHS = (
					"$(inherited)",
					"$(PROJECT_DIR)/myPlayer2/Resources/mediaremote-adapter/build",
				);
				GENERATE_INFOPLIST_FILE = YES;
				INFOPLIST_FILE = myPlayer2/Info.plist;
				INFOPLIST_KEY_CFBundleDisplayName = kmgccc_player;
				INFOPLIST_KEY_LSApplicationCategoryType = "public.app-category.music";
				INFOPLIST_KEY_NSHumanReadableCopyright = "";
				LD_RUNPATH_SEARCH_PATHS = (
					"$(inherited)",
					"@executable_path/../Frameworks",
				);
				LIBRARY_SEARCH_PATHS = "$(inherited)";
				MACOSX_DEPLOYMENT_TARGET = 26.0;
				MARKETING_VERSION = 2.0.0;
				PRODUCT_BUNDLE_IDENTIFIER = kmgccc.player;
				PRODUCT_NAME = "$(TARGET_NAME)";
				REGISTER_APP_GROUPS = YES;
				RUNTIME_EXCEPTION_ALLOW_DYLD_ENVIRONMENT_VARIABLES = NO;
				RUNTIME_EXCEPTION_ALLOW_JIT = NO;
				RUNTIME_EXCEPTION_ALLOW_UNSIGNED_EXECUTABLE_MEMORY = NO;
				RUNTIME_EXCEPTION_DEBUGGING_TOOL = NO;
				RUNTIME_EXCEPTION_DISABLE_EXECUTABLE_PAGE_PROTECTION = NO;
				RUNTIME_EXCEPTION_DISABLE_LIBRARY_VALIDATION = NO;
				STRING_CATALOG_GENERATE_SYMBOLS = YES;
				SWIFT_APPROACHABLE_CONCURRENCY = YES;
				SWIFT_DEFAULT_ACTOR_ISOLATION = MainActor;
				SWIFT_EMIT_LOC_STRINGS = YES;
				SWIFT_UPCOMING_FEATURE_MEMBER_IMPORT_VISIBILITY = YES;
				SWIFT_VERSION = 6.0;
			};
			name = Debug;
		};
		9351189F2F3231C700766A5F /* Release */ = {
			isa = XCBuildConfiguration;
			buildSettings = {
				ASSETCATALOG_COMPILER_APPICON_NAME = kmgccc;
				ASSETCATALOG_COMPILER_GLOBAL_ACCENT_COLOR_NAME = AccentColor;
				ASSETCATALOG_COMPILER_INCLUDE_ALL_APPICON_ASSETS = YES;
				AUTOMATION_APPLE_EVENTS = NO;
				CODE_SIGN_ENTITLEMENTS = myPlayer2/myPlayer2.entitlements;
				"CODE_SIGN_IDENTITY[sdk=macosx*]" = "Apple Development";
				CODE_SIGN_STYLE = Automatic;
				COMBINE_HIDPI_IMAGES = YES;
				CURRENT_PROJECT_VERSION = 1;
				DEAD_CODE_STRIPPING = YES;
				ENABLE_APP_SANDBOX = NO;
				ENABLE_HARDENED_RUNTIME = NO;
				ENABLE_PREVIEWS = YES;
				ENABLE_RESOURCE_ACCESS_PHOTO_LIBRARY = NO;
				ENABLE_USER_SCRIPT_SANDBOXING = NO;
				EXCLUDED_SOURCE_FILE_NAMES = (
					"$(inherited)",
					.venv,
					".qqmusic-helper-venv",
					".build-universal",
					_internal,
					_internal.bundle,
					"qqmusic-helper",
					__pycache__,
					build,
					dist,
					"*.spec",
					"build-universal.sh",
					main.py,
					requirements.txt,
				);
				FRAMEWORK_SEARCH_PATHS = (
					"$(inherited)",
					"$(PROJECT_DIR)/myPlayer2/Resources/mediaremote-adapter/build",
				);
				GENERATE_INFOPLIST_FILE = YES;
				INFOPLIST_FILE = myPlayer2/Info.plist;
				INFOPLIST_KEY_CFBundleDisplayName = kmgccc_player;
				INFOPLIST_KEY_LSApplicationCategoryType = "public.app-category.music";
				INFOPLIST_KEY_NSHumanReadableCopyright = "";
				LD_RUNPATH_SEARCH_PATHS = (
					"$(inherited)",
					"@executable_path/../Frameworks",
				);
				LIBRARY_SEARCH_PATHS = "$(inherited)";
				MACOSX_DEPLOYMENT_TARGET = 26.0;
				MARKETING_VERSION = 2.0.0;
				PRODUCT_BUNDLE_IDENTIFIER = kmgccc.player;
				PRODUCT_NAME = "$(TARGET_NAME)";
				REGISTER_APP_GROUPS = YES;
				RUNTIME_EXCEPTION_ALLOW_DYLD_ENVIRONMENT_VARIABLES = NO;
				RUNTIME_EXCEPTION_ALLOW_JIT = NO;
				RUNTIME_EXCEPTION_ALLOW_UNSIGNED_EXECUTABLE_MEMORY = NO;
				RUNTIME_EXCEPTION_DEBUGGING_TOOL = NO;
				RUNTIME_EXCEPTION_DISABLE_EXECUTABLE_PAGE_PROTECTION = NO;
				RUNTIME_EXCEPTION_DISABLE_LIBRARY_VALIDATION = NO;
				STRING_CATALOG_GENERATE_SYMBOLS = YES;
				SWIFT_APPROACHABLE_CONCURRENCY = YES;
				SWIFT_DEFAULT_ACTOR_ISOLATION = MainActor;
				SWIFT_EMIT_LOC_STRINGS = YES;
				SWIFT_UPCOMING_FEATURE_MEMBER_IMPORT_VISIBILITY = YES;
				SWIFT_VERSION = 6.0;
			};
			name = Release;
		};
/* End XCBuildConfiguration section */

/* Begin XCConfigurationList section */
		933AADFE2F3CC8D40081B59C /* Build configuration list for PBXNativeTarget "BKArt" */ = {
			isa = XCConfigurationList;
			buildConfigurations = (
				933AADFF2F3CC8D40081B59C /* Debug */,
				933AAE002F3CC8D40081B59C /* Release */,
			);
			defaultConfigurationIsVisible = 0;
			defaultConfigurationName = Release;
		};
		9351188D2F3231C500766A5F /* Build configuration list for PBXProject "kmgccc_player" */ = {
			isa = XCConfigurationList;
			buildConfigurations = (
				9351189B2F3231C700766A5F /* Debug */,
				9351189C2F3231C700766A5F /* Release */,
			);
			defaultConfigurationIsVisible = 0;
			defaultConfigurationName = Release;
		};
		9351189D2F3231C700766A5F /* Build configuration list for PBXNativeTarget "kmgccc_player" */ = {
			isa = XCConfigurationList;
			buildConfigurations = (
				9351189E2F3231C700766A5F /* Debug */,
				9351189F2F3231C700766A5F /* Release */,
			);
			defaultConfigurationIsVisible = 0;
			defaultConfigurationName = Release;
		};
/* End XCConfigurationList section */

/* Begin XCRemoteSwiftPackageReference section */
		AA0000000000000000000001 /* XCRemoteSwiftPackageReference "WhatsNewKit" */ = {
			isa = XCRemoteSwiftPackageReference;
			repositoryURL = "https://github.com/SvenTiigi/WhatsNewKit.git";
			requirement = {
				kind = upToNextMajorVersion;
				minimumVersion = 2.0.0;
			};
		};
/* End XCRemoteSwiftPackageReference section */

/* Begin XCSwiftPackageProductDependency section */
		AA0000000000000000000002 /* WhatsNewKit */ = {
			isa = XCSwiftPackageProductDependency;
			package = AA0000000000000000000001 /* XCRemoteSwiftPackageReference "WhatsNewKit" */;
			productName = WhatsNewKit;
		};
/* End XCSwiftPackageProductDependency section */
	};
	rootObject = 9351188A2F3231C500766A5F /* Project object */;
}
