// !$*UTF8*$!
{
	archiveVersion = 1;
	classes = {
	};
	objectVersion = 77;
	objects = {

/* Begin PBXBuildFile section */
		9351198E2F33149A00766A5F /* AMLL in Resources */ = {isa = PBXBuildFile; fileRef = 9351198D2F33149A00766A5F /* AMLL */; };
		938818D32F7925E800880C23 /* WhatsNewKit in Frameworks */ = {isa = PBXBuildFile; productRef = AA0000000000000000000002 /* WhatsNewKit */; };
		938818D42F7925E800880C24 /* CrashReporter in Frameworks */ = {isa = PBXBuildFile; productRef = AA0000000000000000000004 /* CrashReporter */; };
		A01000000000000000000001 /* youdowhat.wav in Resources */ = {isa = PBXBuildFile; fileRef = B01000000000000000000001 /* youdowhat.wav */; };
		A01000000000000000000002 /* youdowhatreversed.wav in Resources */ = {isa = PBXBuildFile; fileRef = B01000000000000000000002 /* youdowhatreversed.wav */; };
		A01000000000000000000003 /* AGPL-3.0.txt in Resources */ = {isa = PBXBuildFile; fileRef = B01000000000000000000003 /* AGPL-3.0.txt */; };
		A01000000000000000000004 /* GPL-3.0.txt in Resources */ = {isa = PBXBuildFile; fileRef = B01000000000000000000004 /* GPL-3.0.txt */; };
		A01000000000000000000005 /* LDDC.txt in Resources */ = {isa = PBXBuildFile; fileRef = B01000000000000000000005 /* LDDC.txt */; };
		A01000000000000000000006 /* QQMusicApi.txt in Resources */ = {isa = PBXBuildFile; fileRef = B01000000000000000000006 /* QQMusicApi.txt */; };
		A01000000000000000000007 /* SACAD-MPL-2.0.txt in Resources */ = {isa = PBXBuildFile; fileRef = B01000000000000000000007 /* SACAD-MPL-2.0.txt */; };
		A01000000000000000000008 /* apple-audio-visualization.txt in Resources */ = {isa = PBXBuildFile; fileRef = B01000000000000000000008 /* apple-audio-visualization.txt */; };
		A01000000000000000000009 /* applemusic-like-lyrics.txt in Resources */ = {isa = PBXBuildFile; fileRef = B01000000000000000000009 /* applemusic-like-lyrics.txt */; };
		A0100000000000000000000A /* zh-Hans.lproj in Resources */ = {isa = PBXBuildFile; fileRef = B0100000000000000000000A /* zh-Hans.lproj */; };
		A0100000000000000000000B /* kmgccc.icon in Resources */ = {isa = PBXBuildFile; fileRef = B0100000000000000000000B /* kmgccc.icon */; };
		A0100000000000000000000C /* PLCrashReporter-LICENSE.txt in Resources */ = {isa = PBXBuildFile; fileRef = B0100000000000000000000C /* PLCrashReporter-LICENSE.txt */; };
		A0100000000000000000000D /* LegalDocuments in Resources */ = {isa = PBXBuildFile; fileRef = B0100000000000000000000D /* LegalDocuments */; };
		C02000000000000000000001 /* kmgccc_playerTests/MetadataMatchScorerTests.swift in Sources */ = {isa = PBXBuildFile; fileRef = C02000000000000000000011 /* kmgccc_playerTests/MetadataMatchScorerTests.swift */; };
		C02000000000000000000002 /* kmgccc_playerTests/SkinRoutePolicyTests.swift in Sources */ = {isa = PBXBuildFile; fileRef = C02000000000000000000012 /* kmgccc_playerTests/SkinRoutePolicyTests.swift */; };
		C02000000000000000000003 /* ExternalPlaybackTextNormalizer.swift in Sources */ = {isa = PBXBuildFile; fileRef = C02000000000000000000013 /* ExternalPlaybackTextNormalizer.swift */; };
		C02000000000000000000004 /* SkinRoutePolicy.swift in Sources */ = {isa = PBXBuildFile; fileRef = C02000000000000000000014 /* SkinRoutePolicy.swift */; };
		C02000000000000000000005 /* kmgccc_playerTests/CrashReportingTests.swift in Sources */ = {isa = PBXBuildFile; fileRef = C02000000000000000000016 /* kmgccc_playerTests/CrashReportingTests.swift */; };
		C02000000000000000000006 /* CrashReportModels.swift in Sources */ = {isa = PBXBuildFile; fileRef = C02000000000000000000017 /* CrashReportModels.swift */; };
		C02000000000000000000007 /* CrashReportSanitizer.swift in Sources */ = {isa = PBXBuildFile; fileRef = C02000000000000000000018 /* CrashReportSanitizer.swift */; };
		C02000000000000000000008 /* CrashReportStore.swift in Sources */ = {isa = PBXBuildFile; fileRef = C02000000000000000000019 /* CrashReportStore.swift */; };
		C02000000000000000000009 /* MetricKitDiagnosticModels.swift in Sources */ = {isa = PBXBuildFile; fileRef = C0200000000000000000001A /* MetricKitDiagnosticModels.swift */; };
		C0200000000000000000000A /* MetricKitDiagnosticSanitizer.swift in Sources */ = {isa = PBXBuildFile; fileRef = C0200000000000000000001B /* MetricKitDiagnosticSanitizer.swift */; };
		C0200000000000000000000B /* MetricKitDiagnosticStore.swift in Sources */ = {isa = PBXBuildFile; fileRef = C0200000000000000000001C /* MetricKitDiagnosticStore.swift */; };
		C03000000000000000000001 /* MusicLibraryRegistryTests.swift in Sources */ = {isa = PBXBuildFile; fileRef = C03000000000000000000011 /* MusicLibraryRegistryTests.swift */; };
		C03000000000000000000002 /* LibraryPathsTests.swift in Sources */ = {isa = PBXBuildFile; fileRef = C03000000000000000000012 /* LibraryPathsTests.swift */; };
		C03000000000000000000003 /* LegacyLibraryBootstrapTests.swift in Sources */ = {isa = PBXBuildFile; fileRef = C03000000000000000000013 /* LegacyLibraryBootstrapTests.swift */; };
		C03000000000000000000004 /* MusicLibraryManifest.swift in Sources */ = {isa = PBXBuildFile; fileRef = C03000000000000000000014 /* MusicLibraryManifest.swift */; };
		C03000000000000000000005 /* MusicLibraryRegistryStore.swift in Sources */ = {isa = PBXBuildFile; fileRef = C03000000000000000000015 /* MusicLibraryRegistryStore.swift */; };
		C03000000000000000000006 /* LibraryContext.swift in Sources */ = {isa = PBXBuildFile; fileRef = C03000000000000000000016 /* LibraryContext.swift */; };
		C03000000000000000000007 /* LibraryPaths.swift in Sources */ = {isa = PBXBuildFile; fileRef = C03000000000000000000017 /* LibraryPaths.swift */; };
		C03000000000000000000008 /* LegacyLibraryBootstrap.swift in Sources */ = {isa = PBXBuildFile; fileRef = C03000000000000000000018 /* LegacyLibraryBootstrap.swift */; };
		C03000000000000000000009 /* LibraryUpgradeJournal.swift in Sources */ = {isa = PBXBuildFile; fileRef = C03000000000000000000019 /* LibraryUpgradeJournal.swift */; };
		C0300000000000000000000A /* LibraryLocationStore.swift in Sources */ = {isa = PBXBuildFile; fileRef = C0300000000000000000001A /* LibraryLocationStore.swift */; };
		C0300000000000000000000B /* LibrarySessionControllerTests.swift in Sources */ = {isa = PBXBuildFile; fileRef = C0300000000000000000001B /* LibrarySessionControllerTests.swift */; };
		C0300000000000000000000C /* LibrarySessionController.swift in Sources */ = {isa = PBXBuildFile; fileRef = C0300000000000000000001C /* LibrarySessionController.swift */; };
		C04000000000000000000001 /* TrackMediaLocatorTests.swift in Sources */ = {isa = PBXBuildFile; fileRef = C04000000000000000000011 /* TrackMediaLocatorTests.swift */; };
		C04000000000000000000002 /* AudioLocatorResolutionTests.swift in Sources */ = {isa = PBXBuildFile; fileRef = C04000000000000000000012 /* AudioLocatorResolutionTests.swift */; };
		C04000000000000000000003 /* ReferencedFileIdentity.swift in Sources */ = {isa = PBXBuildFile; fileRef = C04000000000000000000013 /* ReferencedFileIdentity.swift */; };
		C04000000000000000000004 /* TrackMediaLocator.swift in Sources */ = {isa = PBXBuildFile; fileRef = C04000000000000000000014 /* TrackMediaLocator.swift */; };
		C04000000000000000000005 /* TrackAvailability.swift in Sources */ = {isa = PBXBuildFile; fileRef = C04000000000000000000015 /* TrackAvailability.swift */; };
		C04000000000000000000006 /* AudioLocatorResolution.swift in Sources */ = {isa = PBXBuildFile; fileRef = C04000000000000000000016 /* AudioLocatorResolution.swift */; };
		C04000000000000000000007 /* TrackPreferenceStats.swift in Sources */ = {isa = PBXBuildFile; fileRef = C04000000000000000000017 /* TrackPreferenceStats.swift */; };
		C04000000000000000000008 /* LibrarySidecars.swift in Sources */ = {isa = PBXBuildFile; fileRef = C04000000000000000000018 /* LibrarySidecars.swift */; };
		C05000000000000000000001 /* LocatorPersistenceIntegrationTests.swift in Sources */ = {isa = PBXBuildFile; fileRef = C05000000000000000000011 /* LocatorPersistenceIntegrationTests.swift */; };
		C06000000000000000000001 /* ReferencedNCMConversionTests.swift in Sources */ = {isa = PBXBuildFile; fileRef = C06000000000000000000011 /* ReferencedNCMConversionTests.swift */; };
		C07000000000000000000001 /* ReferencedSourceReconcilerTests.swift in Sources */ = {isa = PBXBuildFile; fileRef = C07000000000000000000011 /* ReferencedSourceReconcilerTests.swift */; };
		C08000000000000000000001 /* LibraryLifecycleTransactionTests.swift in Sources */ = {isa = PBXBuildFile; fileRef = C08000000000000000000011 /* LibraryLifecycleTransactionTests.swift */; };
		C09000000000000000000001 /* MusicSettingsStateTests.swift in Sources */ = {isa = PBXBuildFile; fileRef = C09000000000000000000011 /* MusicSettingsStateTests.swift */; };
		C0A000000000000000000001 /* LibraryInitialImportIntegrationTests.swift in Sources */ = {isa = PBXBuildFile; fileRef = C0A000000000000000000011 /* LibraryInitialImportIntegrationTests.swift */; };
		C0A10000000000000000000001 /* LibraryReimportGrowthIntegrationTests.swift in Sources */ = {isa = PBXBuildFile; fileRef = C0A10000000000000000000011 /* LibraryReimportGrowthIntegrationTests.swift */; };
		C0B000000000000000000001 /* MusicSettingsRenderTests.swift in Sources */ = {isa = PBXBuildFile; fileRef = C0B000000000000000000011 /* MusicSettingsRenderTests.swift */; };
		C0C000000000000000000001 /* SourceReconnectMatcherTests.swift in Sources */ = {isa = PBXBuildFile; fileRef = C0C000000000000000000011 /* SourceReconnectMatcherTests.swift */; };
		C11000000000000000000001 /* CrossSourceMoveIntegrationTests.swift in Sources */ = {isa = PBXBuildFile; fileRef = C11000000000000000000011 /* CrossSourceMoveIntegrationTests.swift */; };
		C12000000000000000000001 /* ReferencedLibraryDomainMigrationTests.swift in Sources */ = {isa = PBXBuildFile; fileRef = C12000000000000000000011 /* ReferencedLibraryDomainMigrationTests.swift */; };
		C13000000000000000000001 /* TrackIdentityResolverTests.swift in Sources */ = {isa = PBXBuildFile; fileRef = C13000000000000000000011 /* TrackIdentityResolverTests.swift */; };
		C14000000000000000000001 /* ImportPlannerCommitterTests.swift in Sources */ = {isa = PBXBuildFile; fileRef = C14000000000000000000011 /* ImportPlannerCommitterTests.swift */; };
		C15000000000000000000001 /* AlbumIdentityImportTests.swift in Sources */ = {isa = PBXBuildFile; fileRef = C15000000000000000000011 /* AlbumIdentityImportTests.swift */; };
		C16000000000000000000001 /* LibraryWriterLeaseTests.swift in Sources */ = {isa = PBXBuildFile; fileRef = C16000000000000000000011 /* LibraryWriterLeaseTests.swift */; };
		C17000000000000000000001 /* LibraryMutationCoordinatorTests.swift in Sources */ = {isa = PBXBuildFile; fileRef = C17000000000000000000011 /* LibraryMutationCoordinatorTests.swift */; };
		C18000000000000000000001 /* RepositoryImportCommitTests.swift in Sources */ = {isa = PBXBuildFile; fileRef = C18000000000000000000011 /* RepositoryImportCommitTests.swift */; };
		C19000000000000000000001 /* PlaylistMembershipRollbackTests.swift in Sources */ = {isa = PBXBuildFile; fileRef = C19000000000000000000011 /* PlaylistMembershipRollbackTests.swift */; };
		C1A000000000000000000001 /* LibraryBackendImportTests.swift in Sources */ = {isa = PBXBuildFile; fileRef = C1A000000000000000000011 /* LibraryBackendImportTests.swift */; };
		C0D000000000000000000001 /* Log.swift in Sources */ = {isa = PBXBuildFile; fileRef = C0D000000000000000000011 /* Log.swift */; };
		C0E000000000000000000001 /* TrackCredit.swift in Sources */ = {isa = PBXBuildFile; fileRef = C0E000000000000000000011 /* TrackCredit.swift */; };
		C0F000000000000000000001 /* LibraryTextNormalization.swift in Sources */ = {isa = PBXBuildFile; fileRef = C0F000000000000000000011 /* LibraryTextNormalization.swift */; };
		F01000000000000000000001 /* AppDelegate.swift in Sources */ = {isa = PBXBuildFile; fileRef = E01000000000000000000001 /* AppDelegate.swift */; };
		F01000000000000000000002 /* DockController.swift in Sources */ = {isa = PBXBuildFile; fileRef = E01000000000000000000002 /* DockController.swift */; };
		F01000000000000000000003 /* PlaybackCommands.swift in Sources */ = {isa = PBXBuildFile; fileRef = E01000000000000000000003 /* PlaybackCommands.swift */; };
		F01000000000000000000006 /* kmgccc_playerApp.swift in Sources */ = {isa = PBXBuildFile; fileRef = E01000000000000000000006 /* kmgccc_playerApp.swift */; };
/* End PBXBuildFile section */

/* Begin PBXContainerItemProxy section */
		C05000000000000000000020 /* PBXContainerItemProxy */ = {
			isa = PBXContainerItemProxy;
			containerPortal = 9351188A2F3231C500766A5F /* Project object */;
			proxyType = 1;
			remoteGlobalIDString = 935118912F3231C500766A5F;
			remoteInfo = kmgccc_player;
		};
/* End PBXContainerItemProxy section */

/* Begin PBXFileReference section */
		935118922F3231C500766A5F /* kmgccc_player.app */ = {isa = PBXFileReference; explicitFileType = wrapper.application; includeInIndex = 0; path = kmgccc_player.app; sourceTree = BUILT_PRODUCTS_DIR; };
		9351198D2F33149A00766A5F /* AMLL */ = {isa = PBXFileReference; lastKnownFileType = folder; name = AMLL; path = kmgccc_player/Resources/AMLL; sourceTree = "<group>"; };
		A10000000000000000000001 /* Project.xcconfig */ = {isa = PBXFileReference; lastKnownFileType = text.xcconfig; path = Project.xcconfig; sourceTree = "<group>"; };
		A10000000000000000000002 /* LocalOverrides.xcconfig.example */ = {isa = PBXFileReference; lastKnownFileType = text.xcconfig; path = LocalOverrides.xcconfig.example; sourceTree = "<group>"; };
		B01000000000000000000001 /* youdowhat.wav */ = {isa = PBXFileReference; lastKnownFileType = audio.wav; name = youdowhat.wav; path = kmgccc_player/Resources/Audio/youdowhat.wav; sourceTree = "<group>"; };
		B01000000000000000000002 /* youdowhatreversed.wav */ = {isa = PBXFileReference; lastKnownFileType = audio.wav; name = youdowhatreversed.wav; path = kmgccc_player/Resources/Audio/youdowhatreversed.wav; sourceTree = "<group>"; };
		B01000000000000000000003 /* AGPL-3.0.txt */ = {isa = PBXFileReference; lastKnownFileType = text; name = "AGPL-3.0.txt"; path = "kmgccc_player/Resources/Licenses/AGPL-3.0.txt"; sourceTree = "<group>"; };
		B01000000000000000000004 /* GPL-3.0.txt */ = {isa = PBXFileReference; lastKnownFileType = text; name = "GPL-3.0.txt"; path = "kmgccc_player/Resources/Licenses/GPL-3.0.txt"; sourceTree = "<group>"; };
		B01000000000000000000005 /* LDDC.txt */ = {isa = PBXFileReference; lastKnownFileType = text; name = LDDC.txt; path = kmgccc_player/Resources/Licenses/LDDC.txt; sourceTree = "<group>"; };
		B01000000000000000000006 /* QQMusicApi.txt */ = {isa = PBXFileReference; lastKnownFileType = text; name = QQMusicApi.txt; path = kmgccc_player/Resources/Licenses/QQMusicApi.txt; sourceTree = "<group>"; };
		B01000000000000000000007 /* SACAD-MPL-2.0.txt */ = {isa = PBXFileReference; lastKnownFileType = text; name = "SACAD-MPL-2.0.txt"; path = "kmgccc_player/Resources/Licenses/SACAD-MPL-2.0.txt"; sourceTree = "<group>"; };
		B01000000000000000000008 /* apple-audio-visualization.txt */ = {isa = PBXFileReference; lastKnownFileType = text; name = "apple-audio-visualization.txt"; path = "kmgccc_player/Resources/Licenses/apple-audio-visualization.txt"; sourceTree = "<group>"; };
		B01000000000000000000009 /* applemusic-like-lyrics.txt */ = {isa = PBXFileReference; lastKnownFileType = text; name = "applemusic-like-lyrics.txt"; path = "kmgccc_player/Resources/Licenses/applemusic-like-lyrics.txt"; sourceTree = "<group>"; };
		B0100000000000000000000A /* zh-Hans.lproj */ = {isa = PBXFileReference; lastKnownFileType = folder; name = "zh-Hans.lproj"; path = "kmgccc_player/Resources/zh-Hans.lproj"; sourceTree = "<group>"; };
		B0100000000000000000000B /* kmgccc.icon */ = {isa = PBXFileReference; lastKnownFileType = folder.iconcomposer.icon; name = kmgccc.icon; path = kmgccc_player/kmgccc.icon; sourceTree = "<group>"; };
		B0100000000000000000000C /* PLCrashReporter-LICENSE.txt */ = {isa = PBXFileReference; lastKnownFileType = text; name = "PLCrashReporter-LICENSE.txt"; path = "kmgccc_player/Resources/Licenses/PLCrashReporter-LICENSE.txt"; sourceTree = "<group>"; };
		B0100000000000000000000D /* LegalDocuments */ = {isa = PBXFileReference; lastKnownFileType = folder; name = LegalDocuments; path = kmgccc_player/LegalDocuments; sourceTree = "<group>"; };
		C02000000000000000000010 /* kmgccc_playerTests.xctest */ = {isa = PBXFileReference; explicitFileType = wrapper.cfbundle; includeInIndex = 0; path = kmgccc_playerTests.xctest; sourceTree = BUILT_PRODUCTS_DIR; };
		C02000000000000000000011 /* kmgccc_playerTests/MetadataMatchScorerTests.swift */ = {isa = PBXFileReference; lastKnownFileType = sourcecode.swift; path = kmgccc_playerTests/MetadataMatchScorerTests.swift; sourceTree = "<group>"; };
		C02000000000000000000012 /* kmgccc_playerTests/SkinRoutePolicyTests.swift */ = {isa = PBXFileReference; lastKnownFileType = sourcecode.swift; path = kmgccc_playerTests/SkinRoutePolicyTests.swift; sourceTree = "<group>"; };
		C02000000000000000000013 /* ExternalPlaybackTextNormalizer.swift */ = {isa = PBXFileReference; lastKnownFileType = sourcecode.swift; name = ExternalPlaybackTextNormalizer.swift; path = kmgccc_player/Services/ExternalPlayback/ExternalPlaybackTextNormalizer.swift; sourceTree = "<group>"; };
		C02000000000000000000014 /* SkinRoutePolicy.swift */ = {isa = PBXFileReference; lastKnownFileType = sourcecode.swift; name = SkinRoutePolicy.swift; path = kmgccc_player/Skins/NowPlaying/SkinRoutePolicy.swift; sourceTree = "<group>"; };
		C02000000000000000000016 /* kmgccc_playerTests/CrashReportingTests.swift */ = {isa = PBXFileReference; lastKnownFileType = sourcecode.swift; path = kmgccc_playerTests/CrashReportingTests.swift; sourceTree = "<group>"; };
		C02000000000000000000017 /* CrashReportModels.swift */ = {isa = PBXFileReference; lastKnownFileType = sourcecode.swift; name = CrashReportModels.swift; path = kmgccc_player/Services/CrashReporting/CrashReportModels.swift; sourceTree = "<group>"; };
		C02000000000000000000018 /* CrashReportSanitizer.swift */ = {isa = PBXFileReference; lastKnownFileType = sourcecode.swift; name = CrashReportSanitizer.swift; path = kmgccc_player/Services/CrashReporting/CrashReportSanitizer.swift; sourceTree = "<group>"; };
		C02000000000000000000019 /* CrashReportStore.swift */ = {isa = PBXFileReference; lastKnownFileType = sourcecode.swift; name = CrashReportStore.swift; path = kmgccc_player/Services/CrashReporting/CrashReportStore.swift; sourceTree = "<group>"; };
		C0200000000000000000001A /* MetricKitDiagnosticModels.swift */ = {isa = PBXFileReference; lastKnownFileType = sourcecode.swift; name = MetricKitDiagnosticModels.swift; path = kmgccc_player/Services/CrashReporting/MetricKitDiagnosticModels.swift; sourceTree = "<group>"; };
		C0200000000000000000001B /* MetricKitDiagnosticSanitizer.swift */ = {isa = PBXFileReference; lastKnownFileType = sourcecode.swift; name = MetricKitDiagnosticSanitizer.swift; path = kmgccc_player/Services/CrashReporting/MetricKitDiagnosticSanitizer.swift; sourceTree = "<group>"; };
		C0200000000000000000001C /* MetricKitDiagnosticStore.swift */ = {isa = PBXFileReference; lastKnownFileType = sourcecode.swift; name = MetricKitDiagnosticStore.swift; path = kmgccc_player/Services/CrashReporting/MetricKitDiagnosticStore.swift; sourceTree = "<group>"; };
		C03000000000000000000011 /* MusicLibraryRegistryTests.swift */ = {isa = PBXFileReference; lastKnownFileType = sourcecode.swift; path = kmgccc_playerTests/MusicLibraryRegistryTests.swift; sourceTree = "<group>"; };
		C03000000000000000000012 /* LibraryPathsTests.swift */ = {isa = PBXFileReference; lastKnownFileType = sourcecode.swift; path = kmgccc_playerTests/LibraryPathsTests.swift; sourceTree = "<group>"; };
		C03000000000000000000013 /* LegacyLibraryBootstrapTests.swift */ = {isa = PBXFileReference; lastKnownFileType = sourcecode.swift; path = kmgccc_playerTests/LegacyLibraryBootstrapTests.swift; sourceTree = "<group>"; };
		C03000000000000000000014 /* MusicLibraryManifest.swift */ = {isa = PBXFileReference; lastKnownFileType = sourcecode.swift; name = MusicLibraryManifest.swift; path = kmgccc_player/Models/MusicLibraryManifest.swift; sourceTree = "<group>"; };
		C03000000000000000000015 /* MusicLibraryRegistryStore.swift */ = {isa = PBXFileReference; lastKnownFileType = sourcecode.swift; name = MusicLibraryRegistryStore.swift; path = kmgccc_player/Services/LibrarySession/MusicLibraryRegistryStore.swift; sourceTree = "<group>"; };
		C03000000000000000000016 /* LibraryContext.swift */ = {isa = PBXFileReference; lastKnownFileType = sourcecode.swift; name = LibraryContext.swift; path = kmgccc_player/Services/LibrarySession/LibraryContext.swift; sourceTree = "<group>"; };
		C03000000000000000000017 /* LibraryPaths.swift */ = {isa = PBXFileReference; lastKnownFileType = sourcecode.swift; name = LibraryPaths.swift; path = kmgccc_player/Services/LibrarySession/LibraryPaths.swift; sourceTree = "<group>"; };
		C03000000000000000000018 /* LegacyLibraryBootstrap.swift */ = {isa = PBXFileReference; lastKnownFileType = sourcecode.swift; name = LegacyLibraryBootstrap.swift; path = kmgccc_player/Services/LibrarySession/LegacyLibraryBootstrap.swift; sourceTree = "<group>"; };
		C03000000000000000000019 /* LibraryUpgradeJournal.swift */ = {isa = PBXFileReference; lastKnownFileType = sourcecode.swift; name = LibraryUpgradeJournal.swift; path = kmgccc_player/Services/LibrarySession/LibraryUpgradeJournal.swift; sourceTree = "<group>"; };
		C0300000000000000000001A /* LibraryLocationStore.swift */ = {isa = PBXFileReference; lastKnownFileType = sourcecode.swift; name = LibraryLocationStore.swift; path = kmgccc_player/Utilities/LibraryLocationStore.swift; sourceTree = "<group>"; };
		C0300000000000000000001B /* LibrarySessionControllerTests.swift */ = {isa = PBXFileReference; lastKnownFileType = sourcecode.swift; path = kmgccc_playerTests/LibrarySessionControllerTests.swift; sourceTree = "<group>"; };
		C0300000000000000000001C /* LibrarySessionController.swift */ = {isa = PBXFileReference; lastKnownFileType = sourcecode.swift; name = LibrarySessionController.swift; path = kmgccc_player/Services/LibrarySession/LibrarySessionController.swift; sourceTree = "<group>"; };
		C04000000000000000000011 /* TrackMediaLocatorTests.swift */ = {isa = PBXFileReference; lastKnownFileType = sourcecode.swift; path = kmgccc_playerTests/TrackMediaLocatorTests.swift; sourceTree = "<group>"; };
		C04000000000000000000012 /* AudioLocatorResolutionTests.swift */ = {isa = PBXFileReference; lastKnownFileType = sourcecode.swift; path = kmgccc_playerTests/AudioLocatorResolutionTests.swift; sourceTree = "<group>"; };
		C04000000000000000000013 /* ReferencedFileIdentity.swift */ = {isa = PBXFileReference; lastKnownFileType = sourcecode.swift; path = kmgccc_player/Models/ReferencedFileIdentity.swift; sourceTree = "<group>"; };
		C04000000000000000000014 /* TrackMediaLocator.swift */ = {isa = PBXFileReference; lastKnownFileType = sourcecode.swift; path = kmgccc_player/Models/TrackMediaLocator.swift; sourceTree = "<group>"; };
		C04000000000000000000015 /* TrackAvailability.swift */ = {isa = PBXFileReference; lastKnownFileType = sourcecode.swift; path = kmgccc_player/Models/TrackAvailability.swift; sourceTree = "<group>"; };
		C04000000000000000000016 /* AudioLocatorResolution.swift */ = {isa = PBXFileReference; lastKnownFileType = sourcecode.swift; path = kmgccc_player/Services/Audio/AudioLocatorResolution.swift; sourceTree = "<group>"; };
		C04000000000000000000017 /* TrackPreferenceStats.swift */ = {isa = PBXFileReference; lastKnownFileType = sourcecode.swift; path = kmgccc_player/Models/TrackPreferenceStats.swift; sourceTree = "<group>"; };
		C04000000000000000000018 /* LibrarySidecars.swift */ = {isa = PBXFileReference; lastKnownFileType = sourcecode.swift; path = kmgccc_player/Services/Library/LibrarySidecars.swift; sourceTree = "<group>"; };
		C05000000000000000000011 /* LocatorPersistenceIntegrationTests.swift */ = {isa = PBXFileReference; lastKnownFileType = sourcecode.swift; path = kmgccc_playerTests/LocatorPersistenceIntegrationTests.swift; sourceTree = "<group>"; };
		C06000000000000000000011 /* ReferencedNCMConversionTests.swift */ = {isa = PBXFileReference; lastKnownFileType = sourcecode.swift; path = kmgccc_playerTests/ReferencedNCMConversionTests.swift; sourceTree = "<group>"; };
		C07000000000000000000011 /* ReferencedSourceReconcilerTests.swift */ = {isa = PBXFileReference; lastKnownFileType = sourcecode.swift; path = kmgccc_playerTests/ReferencedSourceReconcilerTests.swift; sourceTree = "<group>"; };
		C08000000000000000000011 /* LibraryLifecycleTransactionTests.swift */ = {isa = PBXFileReference; lastKnownFileType = sourcecode.swift; path = kmgccc_playerTests/LibraryLifecycleTransactionTests.swift; sourceTree = "<group>"; };
		C09000000000000000000011 /* MusicSettingsStateTests.swift */ = {isa = PBXFileReference; lastKnownFileType = sourcecode.swift; path = kmgccc_playerTests/MusicSettingsStateTests.swift; sourceTree = "<group>"; };
		C0A000000000000000000011 /* LibraryInitialImportIntegrationTests.swift */ = {isa = PBXFileReference; lastKnownFileType = sourcecode.swift; path = kmgccc_playerTests/LibraryInitialImportIntegrationTests.swift; sourceTree = "<group>"; };
		C0A10000000000000000000011 /* LibraryReimportGrowthIntegrationTests.swift */ = {isa = PBXFileReference; lastKnownFileType = sourcecode.swift; path = kmgccc_playerTests/LibraryReimportGrowthIntegrationTests.swift; sourceTree = "<group>"; };
		C0B000000000000000000011 /* MusicSettingsRenderTests.swift */ = {isa = PBXFileReference; lastKnownFileType = sourcecode.swift; path = kmgccc_playerTests/MusicSettingsRenderTests.swift; sourceTree = "<group>"; };
		C0C000000000000000000011 /* SourceReconnectMatcherTests.swift */ = {isa = PBXFileReference; lastKnownFileType = sourcecode.swift; path = kmgccc_playerTests/SourceReconnectMatcherTests.swift; sourceTree = "<group>"; };
		C11000000000000000000011 /* CrossSourceMoveIntegrationTests.swift */ = {isa = PBXFileReference; lastKnownFileType = sourcecode.swift; path = kmgccc_playerTests/CrossSourceMoveIntegrationTests.swift; sourceTree = "<group>"; };
		C12000000000000000000011 /* ReferencedLibraryDomainMigrationTests.swift */ = {isa = PBXFileReference; lastKnownFileType = sourcecode.swift; path = kmgccc_playerTests/ReferencedLibraryDomainMigrationTests.swift; sourceTree = "<group>"; };
		C13000000000000000000011 /* TrackIdentityResolverTests.swift */ = {isa = PBXFileReference; lastKnownFileType = sourcecode.swift; path = kmgccc_playerTests/TrackIdentityResolverTests.swift; sourceTree = "<group>"; };
		C14000000000000000000011 /* ImportPlannerCommitterTests.swift */ = {isa = PBXFileReference; lastKnownFileType = sourcecode.swift; path = kmgccc_playerTests/ImportPlannerCommitterTests.swift; sourceTree = "<group>"; };
		C15000000000000000000011 /* AlbumIdentityImportTests.swift */ = {isa = PBXFileReference; lastKnownFileType = sourcecode.swift; path = kmgccc_playerTests/AlbumIdentityImportTests.swift; sourceTree = "<group>"; };
		C16000000000000000000011 /* LibraryWriterLeaseTests.swift */ = {isa = PBXFileReference; lastKnownFileType = sourcecode.swift; path = kmgccc_playerTests/LibraryWriterLeaseTests.swift; sourceTree = "<group>"; };
		C17000000000000000000011 /* LibraryMutationCoordinatorTests.swift */ = {isa = PBXFileReference; lastKnownFileType = sourcecode.swift; path = kmgccc_playerTests/LibraryMutationCoordinatorTests.swift; sourceTree = "<group>"; };
		C18000000000000000000011 /* RepositoryImportCommitTests.swift */ = {isa = PBXFileReference; lastKnownFileType = sourcecode.swift; path = kmgccc_playerTests/RepositoryImportCommitTests.swift; sourceTree = "<group>"; };
		C19000000000000000000011 /* PlaylistMembershipRollbackTests.swift */ = {isa = PBXFileReference; lastKnownFileType = sourcecode.swift; path = kmgccc_playerTests/PlaylistMembershipRollbackTests.swift; sourceTree = "<group>"; };
		C1A000000000000000000011 /* LibraryBackendImportTests.swift */ = {isa = PBXFileReference; lastKnownFileType = sourcecode.swift; path = kmgccc_playerTests/LibraryBackendImportTests.swift; sourceTree = "<group>"; };
		C0D000000000000000000011 /* Log.swift */ = {isa = PBXFileReference; lastKnownFileType = sourcecode.swift; name = Log.swift; path = kmgccc_player/Utilities/Log.swift; sourceTree = "<group>"; };
		C0E000000000000000000011 /* TrackCredit.swift */ = {isa = PBXFileReference; lastKnownFileType = sourcecode.swift; name = TrackCredit.swift; path = kmgccc_player/Models/TrackCredit.swift; sourceTree = "<group>"; };
		C0F000000000000000000011 /* LibraryTextNormalization.swift */ = {isa = PBXFileReference; lastKnownFileType = sourcecode.swift; name = LibraryTextNormalization.swift; path = kmgccc_player/Services/Library/LibraryTextNormalization.swift; sourceTree = "<group>"; };
		E01000000000000000000001 /* AppDelegate.swift */ = {isa = PBXFileReference; lastKnownFileType = sourcecode.swift; name = AppDelegate.swift; path = kmgccc_player/AppDelegate.swift; sourceTree = "<group>"; };
		E01000000000000000000002 /* DockController.swift */ = {isa = PBXFileReference; lastKnownFileType = sourcecode.swift; name = DockController.swift; path = kmgccc_player/DockController.swift; sourceTree = "<group>"; };
		E01000000000000000000003 /* PlaybackCommands.swift */ = {isa = PBXFileReference; lastKnownFileType = sourcecode.swift; name = PlaybackCommands.swift; path = kmgccc_player/PlaybackCommands.swift; sourceTree = "<group>"; };
		E01000000000000000000006 /* kmgccc_playerApp.swift */ = {isa = PBXFileReference; lastKnownFileType = sourcecode.swift; name = kmgccc_playerApp.swift; path = kmgccc_player/kmgccc_playerApp.swift; sourceTree = "<group>"; };
/* End PBXFileReference section */

/* Begin PBXFileSystemSynchronizedRootGroup section */
		D01000000000000000000001 /* AppKit */ = {
			isa = PBXFileSystemSynchronizedRootGroup;
			name = AppKit;
			path = kmgccc_player/AppKit;
			sourceTree = "<group>";
		};
		D01000000000000000000002 /* Models */ = {
			isa = PBXFileSystemSynchronizedRootGroup;
			name = Models;
			path = kmgccc_player/Models;
			sourceTree = "<group>";
		};
		D01000000000000000000003 /* Rendering */ = {
			isa = PBXFileSystemSynchronizedRootGroup;
			name = Rendering;
			path = kmgccc_player/Rendering;
			sourceTree = "<group>";
		};
		D01000000000000000000004 /* Repositories */ = {
			isa = PBXFileSystemSynchronizedRootGroup;
			name = Repositories;
			path = kmgccc_player/Repositories;
			sourceTree = "<group>";
		};
		D01000000000000000000005 /* Services */ = {
			isa = PBXFileSystemSynchronizedRootGroup;
			name = Services;
			path = kmgccc_player/Services;
			sourceTree = "<group>";
		};
		D01000000000000000000006 /* Skins */ = {
			isa = PBXFileSystemSynchronizedRootGroup;
			name = Skins;
			path = kmgccc_player/Skins;
			sourceTree = "<group>";
		};
		D01000000000000000000007 /* Utilities */ = {
			isa = PBXFileSystemSynchronizedRootGroup;
			name = Utilities;
			path = kmgccc_player/Utilities;
			sourceTree = "<group>";
		};
		D01000000000000000000008 /* ViewModels */ = {
			isa = PBXFileSystemSynchronizedRootGroup;
			name = ViewModels;
			path = kmgccc_player/ViewModels;
			sourceTree = "<group>";
		};
		D01000000000000000000009 /* Views */ = {
			isa = PBXFileSystemSynchronizedRootGroup;
			name = Views;
			path = kmgccc_player/Views;
			sourceTree = "<group>";
		};
/* End PBXFileSystemSynchronizedRootGroup section */

/* Begin PBXFrameworksBuildPhase section */
		9351188F2F3231C500766A5F /* Frameworks */ = {
			isa = PBXFrameworksBuildPhase;
			buildActionMask = 2147483647;
			files = (
				938818D42F7925E800880C24 /* CrashReporter in Frameworks */,
				938818D32F7925E800880C23 /* WhatsNewKit in Frameworks */,
			);
			runOnlyForDeploymentPostprocessing = 0;
		};
		C02000000000000000000020 /* Frameworks */ = {
			isa = PBXFrameworksBuildPhase;
			buildActionMask = 2147483647;
			files = (
			);
			runOnlyForDeploymentPostprocessing = 0;
		};
/* End PBXFrameworksBuildPhase section */

/* Begin PBXGroup section */
		935118892F3231C500766A5F = {
			isa = PBXGroup;
			children = (
				A10000000000000000000003 /* Config */,
				C02000000000000000000015 /* Tests */,
				C01000000000000000000002 /* App Sources */,
				D01000000000000000000001 /* AppKit */,
				D01000000000000000000002 /* Models */,
				D01000000000000000000003 /* Rendering */,
				D01000000000000000000004 /* Repositories */,
				D01000000000000000000005 /* Services */,
				D01000000000000000000006 /* Skins */,
				D01000000000000000000007 /* Utilities */,
				D01000000000000000000008 /* ViewModels */,
				D01000000000000000000009 /* Views */,
				C01000000000000000000001 /* Runtime Resources */,
				9351198D2F33149A00766A5F /* AMLL */,
				935118932F3231C500766A5F /* Products */,
				93EBF7BA2F8A113D007F15E3 /* Recovered References */,
			);
			sourceTree = "<group>";
		};
		935118932F3231C500766A5F /* Products */ = {
			isa = PBXGroup;
			children = (
				935118922F3231C500766A5F /* kmgccc_player.app */,
				C02000000000000000000010 /* kmgccc_playerTests.xctest */,
			);
			name = Products;
			sourceTree = "<group>";
		};
		93EBF7BA2F8A113D007F15E3 /* Recovered References */ = {
			isa = PBXGroup;
			children = (
				B0100000000000000000000B /* kmgccc.icon */,
			);
			name = "Recovered References";
			sourceTree = "<group>";
		};
		A10000000000000000000003 /* Config */ = {
			isa = PBXGroup;
			children = (
				A10000000000000000000001 /* Project.xcconfig */,
				A10000000000000000000002 /* LocalOverrides.xcconfig.example */,
			);
			path = Config;
			sourceTree = "<group>";
		};
		C01000000000000000000001 /* Runtime Resources */ = {
			isa = PBXGroup;
			children = (
				B01000000000000000000001 /* youdowhat.wav */,
				B01000000000000000000002 /* youdowhatreversed.wav */,
				B01000000000000000000003 /* AGPL-3.0.txt */,
				B01000000000000000000004 /* GPL-3.0.txt */,
				B01000000000000000000005 /* LDDC.txt */,
				B01000000000000000000006 /* QQMusicApi.txt */,
				B01000000000000000000007 /* SACAD-MPL-2.0.txt */,
				B01000000000000000000008 /* apple-audio-visualization.txt */,
				B01000000000000000000009 /* applemusic-like-lyrics.txt */,
				B0100000000000000000000A /* zh-Hans.lproj */,
				B0100000000000000000000C /* PLCrashReporter-LICENSE.txt */,
				B0100000000000000000000D /* LegalDocuments */,
			);
			name = "Runtime Resources";
			sourceTree = "<group>";
		};
		C01000000000000000000002 /* App Sources */ = {
			isa = PBXGroup;
			children = (
				E01000000000000000000001 /* AppDelegate.swift */,
				E01000000000000000000002 /* DockController.swift */,
				E01000000000000000000003 /* PlaybackCommands.swift */,
				E01000000000000000000006 /* kmgccc_playerApp.swift */,
			);
			name = "App Sources";
			sourceTree = "<group>";
		};
		C02000000000000000000015 /* Tests */ = {
			isa = PBXGroup;
			children = (
				C02000000000000000000011 /* kmgccc_playerTests/MetadataMatchScorerTests.swift */,
				C02000000000000000000012 /* kmgccc_playerTests/SkinRoutePolicyTests.swift */,
				C02000000000000000000013 /* ExternalPlaybackTextNormalizer.swift */,
				C02000000000000000000014 /* SkinRoutePolicy.swift */,
				C02000000000000000000016 /* kmgccc_playerTests/CrashReportingTests.swift */,
				C02000000000000000000017 /* CrashReportModels.swift */,
				C02000000000000000000018 /* CrashReportSanitizer.swift */,
				C02000000000000000000019 /* CrashReportStore.swift */,
				C0200000000000000000001A /* MetricKitDiagnosticModels.swift */,
				C0200000000000000000001B /* MetricKitDiagnosticSanitizer.swift */,
				C0200000000000000000001C /* MetricKitDiagnosticStore.swift */,
				C03000000000000000000011 /* MusicLibraryRegistryTests.swift */,
				C03000000000000000000012 /* LibraryPathsTests.swift */,
				C03000000000000000000013 /* LegacyLibraryBootstrapTests.swift */,
				C03000000000000000000014 /* MusicLibraryManifest.swift */,
				C03000000000000000000015 /* MusicLibraryRegistryStore.swift */,
				C03000000000000000000016 /* LibraryContext.swift */,
				C03000000000000000000017 /* LibraryPaths.swift */,
				C03000000000000000000018 /* LegacyLibraryBootstrap.swift */,
				C03000000000000000000019 /* LibraryUpgradeJournal.swift */,
				C0300000000000000000001A /* LibraryLocationStore.swift */,
				C0300000000000000000001B /* LibrarySessionControllerTests.swift */,
				C0300000000000000000001C /* LibrarySessionController.swift */,
				C04000000000000000000011 /* TrackMediaLocatorTests.swift */,
				C04000000000000000000012 /* AudioLocatorResolutionTests.swift */,
				C04000000000000000000013 /* ReferencedFileIdentity.swift */,
				C04000000000000000000014 /* TrackMediaLocator.swift */,
				C04000000000000000000015 /* TrackAvailability.swift */,
				C04000000000000000000016 /* AudioLocatorResolution.swift */,
				C04000000000000000000017 /* TrackPreferenceStats.swift */,
				C04000000000000000000018 /* LibrarySidecars.swift */,
				C05000000000000000000011 /* LocatorPersistenceIntegrationTests.swift */,
				C06000000000000000000011 /* ReferencedNCMConversionTests.swift */,
				C07000000000000000000011 /* ReferencedSourceReconcilerTests.swift */,
				C08000000000000000000011 /* LibraryLifecycleTransactionTests.swift */,
				C09000000000000000000011 /* MusicSettingsStateTests.swift */,
				C0A000000000000000000011 /* LibraryInitialImportIntegrationTests.swift */,
				C0A10000000000000000000011 /* LibraryReimportGrowthIntegrationTests.swift */,
				C0B000000000000000000011 /* MusicSettingsRenderTests.swift */,
				C0C000000000000000000011 /* SourceReconnectMatcherTests.swift */,
				C11000000000000000000011 /* CrossSourceMoveIntegrationTests.swift */,
				C12000000000000000000011 /* ReferencedLibraryDomainMigrationTests.swift */,
				C13000000000000000000011 /* TrackIdentityResolverTests.swift */,
				C14000000000000000000011 /* ImportPlannerCommitterTests.swift */,
				C15000000000000000000011 /* AlbumIdentityImportTests.swift */,
				C16000000000000000000011 /* LibraryWriterLeaseTests.swift */,
				C17000000000000000000011 /* LibraryMutationCoordinatorTests.swift */,
				C18000000000000000000011 /* RepositoryImportCommitTests.swift */,
				C19000000000000000000011 /* PlaylistMembershipRollbackTests.swift */,
				C1A000000000000000000011 /* LibraryBackendImportTests.swift */,
			);
			name = Tests;
			sourceTree = "<group>";
		};
/* End PBXGroup section */

/* Begin PBXNativeTarget section */
		935118912F3231C500766A5F /* kmgccc_player */ = {
			isa = PBXNativeTarget;
			buildConfigurationList = 9351189D2F3231C700766A5F /* Build configuration list for PBXNativeTarget "kmgccc_player" */;
			buildPhases = (
				9351188E2F3231C500766A5F /* Sources */,
				9351188F2F3231C500766A5F /* Frameworks */,
				935118902F3231C500766A5F /* Resources */,
				9396ADAC2FA12C0100000003 /* Copy MediaRemoteAdapter runtime */,
				93CF3F842F344E9F0004C8E4 /* Copy LDDC runtime */,
				93D91A122FA5000000010001 /* Copy QQMusic helper */,
				93D91A132FA5000000010002 /* Copy SACAD helper */,
				93D91A142FA5000000010003 /* Run Optional Build Hook */,
			);
			buildRules = (
			);
			dependencies = (
			);
			fileSystemSynchronizedGroups = (
				D01000000000000000000001 /* AppKit */,
				D01000000000000000000002 /* Models */,
				D01000000000000000000003 /* Rendering */,
				D01000000000000000000004 /* Repositories */,
				D01000000000000000000005 /* Services */,
				D01000000000000000000006 /* Skins */,
				D01000000000000000000007 /* Utilities */,
				D01000000000000000000008 /* ViewModels */,
				D01000000000000000000009 /* Views */,
			);
			name = kmgccc_player;
			packageProductDependencies = (
				AA0000000000000000000004 /* CrashReporter */,
				AA0000000000000000000002 /* WhatsNewKit */,
				D10000000000000000000002 /* PlayerAutomationProtocol */,
				D10000000000000000000003 /* PlayerAutomationIPC */,
			);
			productName = kmgccc_player;
			productReference = 935118922F3231C500766A5F /* kmgccc_player.app */;
			productType = "com.apple.product-type.application";
		};
		C02000000000000000000030 /* kmgccc_playerTests */ = {
			isa = PBXNativeTarget;
			buildConfigurationList = C02000000000000000000043 /* Build configuration list for PBXNativeTarget "kmgccc_playerTests" */;
			buildPhases = (
				C02000000000000000000022 /* Sources */,
				C02000000000000000000020 /* Frameworks */,
				C02000000000000000000021 /* Resources */,
			);
			buildRules = (
			);
			dependencies = (
				C05000000000000000000030 /* PBXTargetDependency */,
			);
			name = kmgccc_playerTests;
			packageProductDependencies = (
			);
			productName = kmgccc_playerTests;
			productReference = C02000000000000000000010 /* kmgccc_playerTests.xctest */;
			productType = "com.apple.product-type.bundle.unit-test";
		};
/* End PBXNativeTarget section */

/* Begin PBXProject section */
		9351188A2F3231C500766A5F /* Project object */ = {
			isa = PBXProject;
			attributes = {
				BuildIndependentTargetsInParallel = 1;
				LastSwiftUpdateCheck = 2620;
				LastUpgradeCheck = 2650;
				TargetAttributes = {
					935118912F3231C500766A5F = {
						CreatedOnToolsVersion = 26.2;
					};
					C02000000000000000000030 = {
						CreatedOnToolsVersion = 26.5;
					};
				};
			};
			buildConfigurationList = 9351188D2F3231C500766A5F /* Build configuration list for PBXProject "kmgccc_player" */;
			developmentRegion = "zh-Hans";
			hasScannedForEncodings = 0;
			knownRegions = (
				Base,
				"zh-Hans",
				temp,
			);
			mainGroup = 935118892F3231C500766A5F;
			minimizedProjectReferenceProxies = 1;
			packageReferences = (
				AA0000000000000000000001 /* XCRemoteSwiftPackageReference "WhatsNewKit" */,
				AA0000000000000000000003 /* XCRemoteSwiftPackageReference "plcrashreporter" */,
				D10000000000000000000001 /* XCLocalSwiftPackageReference "PlayerAutomation" */,
			);
			preferredProjectObjectVersion = 77;
			productRefGroup = 935118932F3231C500766A5F /* Products */;
			projectDirPath = "";
			projectRoot = "";
			targets = (
				935118912F3231C500766A5F /* kmgccc_player */,
				C02000000000000000000030 /* kmgccc_playerTests */,
			);
		};
/* End PBXProject section */

/* Begin PBXResourcesBuildPhase section */
		935118902F3231C500766A5F /* Resources */ = {
			isa = PBXResourcesBuildPhase;
			buildActionMask = 2147483647;
			files = (
				9351198E2F33149A00766A5F /* AMLL in Resources */,
				A01000000000000000000001 /* youdowhat.wav in Resources */,
				A01000000000000000000002 /* youdowhatreversed.wav in Resources */,
				A01000000000000000000003 /* AGPL-3.0.txt in Resources */,
				A01000000000000000000004 /* GPL-3.0.txt in Resources */,
				A01000000000000000000005 /* LDDC.txt in Resources */,
				A01000000000000000000006 /* QQMusicApi.txt in Resources */,
				A01000000000000000000007 /* SACAD-MPL-2.0.txt in Resources */,
				A01000000000000000000008 /* apple-audio-visualization.txt in Resources */,
				A01000000000000000000009 /* applemusic-like-lyrics.txt in Resources */,
				A0100000000000000000000A /* zh-Hans.lproj in Resources */,
				A0100000000000000000000B /* kmgccc.icon in Resources */,
				A0100000000000000000000C /* PLCrashReporter-LICENSE.txt in Resources */,
				A0100000000000000000000D /* LegalDocuments in Resources */,
			);
			runOnlyForDeploymentPostprocessing = 0;
		};
		C02000000000000000000021 /* Resources */ = {
			isa = PBXResourcesBuildPhase;
			buildActionMask = 2147483647;
			files = (
			);
			runOnlyForDeploymentPostprocessing = 0;
		};
/* End PBXResourcesBuildPhase section */

/* Begin PBXShellScriptBuildPhase section */
		9396ADAC2FA12C0100000003 /* Copy MediaRemoteAdapter runtime */ = {
			isa = PBXShellScriptBuildPhase;
			alwaysOutOfDate = 1;
			buildActionMask = 2147483647;
			files = (
			);
			inputFileListPaths = (
			);
			inputPaths = (
				"$(PROJECT_DIR)/.build/products/mediaremote/bin/mediaremote-adapter.pl",
				"$(PROJECT_DIR)/.build/products/mediaremote/build/MediaRemoteAdapter.framework",
				"$(PROJECT_DIR)/.build/products/mediaremote/build/MediaRemoteAdapterTestClient",
				"$(PROJECT_DIR)/.build/products/mediaremote/LICENSE",
			);
			name = "Copy MediaRemoteAdapter runtime";
			outputFileListPaths = (
			);
			outputPaths = (
				"$(TARGET_BUILD_DIR)/$(UNLOCALIZED_RESOURCES_FOLDER_PATH)/Licenses/MediaRemoteAdapter-BSD-3-Clause.txt",
				"$(TARGET_BUILD_DIR)/$(UNLOCALIZED_RESOURCES_FOLDER_PATH)/mediaremote-adapter/bin/mediaremote-adapter.pl",
				"$(TARGET_BUILD_DIR)/$(UNLOCALIZED_RESOURCES_FOLDER_PATH)/mediaremote-adapter/build/MediaRemoteAdapter.framework",
				"$(TARGET_BUILD_DIR)/$(UNLOCALIZED_RESOURCES_FOLDER_PATH)/mediaremote-adapter/build/MediaRemoteAdapterTestClient",
			);
			runOnlyForDeploymentPostprocessing = 0;
			shellPath = /bin/bash;
			shellScript = "set -euo pipefail\nSRC_ROOT=\"${PROJECT_DIR}/.build/products/mediaremote\"\nFRAMEWORK_SRC=\"${SRC_ROOT}/build/MediaRemoteAdapter.framework\"\nCLIENT_SRC=\"${SRC_ROOT}/build/MediaRemoteAdapterTestClient\"\nSCRIPT_SRC=\"${SRC_ROOT}/bin/mediaremote-adapter.pl\"\nLICENSE_SRC=\"${SRC_ROOT}/LICENSE\"\nRESOURCE_ROOT=\"${TARGET_BUILD_DIR}/${UNLOCALIZED_RESOURCES_FOLDER_PATH}\"\nDST_ROOT=\"${RESOURCE_ROOT}/mediaremote-adapter\"\nif [ ! -d \"${FRAMEWORK_SRC}\" ] || [ ! -x \"${CLIENT_SRC}\" ] || [ ! -f \"${SCRIPT_SRC}\" ] || [ ! -f \"${LICENSE_SRC}\" ]; then\n  echo \"error: Missing MediaRemoteAdapter build product.\"\n  echo \"error: Run ./scripts/bootstrap.sh before building.\"\n  exit 1\nfi\nrm -rf \"${DST_ROOT}\"\nmkdir -p \"${DST_ROOT}/bin\" \"${DST_ROOT}/build\" \"${RESOURCE_ROOT}/Licenses\"\nCOPYFILE_DISABLE=1 /bin/cp -f \"${SCRIPT_SRC}\" \"${DST_ROOT}/bin/mediaremote-adapter.pl\"\nCOPYFILE_DISABLE=1 /usr/bin/ditto \"${FRAMEWORK_SRC}\" \"${DST_ROOT}/build/MediaRemoteAdapter.framework\"\nCOPYFILE_DISABLE=1 /bin/cp -f \"${CLIENT_SRC}\" \"${DST_ROOT}/build/MediaRemoteAdapterTestClient\"\nCOPYFILE_DISABLE=1 /bin/cp -f \"${LICENSE_SRC}\" \"${RESOURCE_ROOT}/Licenses/MediaRemoteAdapter-BSD-3-Clause.txt\"\nchmod 755 \"${DST_ROOT}/bin/mediaremote-adapter.pl\" \"${DST_ROOT}/build/MediaRemoteAdapterTestClient\"\n/usr/bin/xattr -cr \"${DST_ROOT}\" 2>/dev/null || true\n/usr/bin/codesign --force --deep --sign - \"${DST_ROOT}/build/MediaRemoteAdapter.framework\" >/dev/null 2>&1 || true\n/usr/bin/codesign --force --sign - \"${DST_ROOT}/build/MediaRemoteAdapterTestClient\" >/dev/null 2>&1 || true\n";
		};
		93CF3F842F344E9F0004C8E4 /* Copy LDDC runtime */ = {
			isa = PBXShellScriptBuildPhase;
			alwaysOutOfDate = 1;
			buildActionMask = 2147483647;
			files = (
			);
			inputFileListPaths = (
			);
			inputPaths = (
				"$(PROJECT_DIR)/.build/products/lddc/lddc-server",
				"$(PROJECT_DIR)/.build/products/lddc/_internal",
			);
			name = "Copy LDDC runtime";
			outputFileListPaths = (
			);
			outputPaths = (
				"$(TARGET_BUILD_DIR)/$(UNLOCALIZED_RESOURCES_FOLDER_PATH)/Tools/lddc-server",
			);
			runOnlyForDeploymentPostprocessing = 0;
			shellPath = /bin/bash;
			shellScript = "set -euo pipefail\nSRC=\"${PROJECT_DIR}/.build/products/lddc\"\nDST=\"${TARGET_BUILD_DIR}/${UNLOCALIZED_RESOURCES_FOLDER_PATH}/Tools/lddc-server\"\nif [ ! -x \"${SRC}/lddc-server\" ] || [ ! -d \"${SRC}/_internal\" ]; then\n  echo \"error: Missing LDDC build product.\"\n  echo \"error: Run ./scripts/bootstrap.sh before building.\"\n  exit 1\nfi\nrm -rf \"${DST}\"\nmkdir -p \"$(dirname \"${DST}\")\"\nCOPYFILE_DISABLE=1 /usr/bin/ditto \"${SRC}\" \"${DST}\"\nchmod 755 \"${DST}/lddc-server\"\n/usr/bin/xattr -cr \"${DST}\" 2>/dev/null || true\nwhile IFS= read -r -d '' item; do\n  if /usr/bin/file \"${item}\" | /usr/bin/grep -q 'Mach-O'; then\n    /usr/bin/codesign --force --sign - \"${item}\" >/dev/null 2>&1 || true\n  fi\ndone < <(/usr/bin/find \"${DST}\" -type f -print0)\n";
		};
		93D91A122FA5000000010001 /* Copy QQMusic helper */ = {
			isa = PBXShellScriptBuildPhase;
			alwaysOutOfDate = 1;
			buildActionMask = 2147483647;
			files = (
			);
			inputFileListPaths = (
			);
			inputPaths = (
				"$(PROJECT_DIR)/.build/products/qqmusic-helper/qqmusic-helper",
				"$(PROJECT_DIR)/.build/products/qqmusic-helper/_internal.bundle",
			);
			name = "Copy QQMusic helper";
			outputFileListPaths = (
			);
			outputPaths = (
				"$(TARGET_BUILD_DIR)/$(UNLOCALIZED_RESOURCES_FOLDER_PATH)/Tools/qqmusic-helper/qqmusic-helper",
				"$(TARGET_BUILD_DIR)/$(UNLOCALIZED_RESOURCES_FOLDER_PATH)/Tools/qqmusic-helper/_internal.bundle",
			);
			runOnlyForDeploymentPostprocessing = 0;
			shellPath = /bin/bash;
			shellScript = "set -euo pipefail\nSRC=\"${PROJECT_DIR}/.build/products/qqmusic-helper\"\nDST=\"${TARGET_BUILD_DIR}/${UNLOCALIZED_RESOURCES_FOLDER_PATH}/Tools/qqmusic-helper\"\nAPP=\"${TARGET_BUILD_DIR}/${WRAPPER_NAME}\"\nclean_xattrs() {\n  local root=\"$1\"\n  while IFS= read -r -d '' item; do\n    /usr/bin/xattr -d com.apple.FinderInfo \"${item}\" 2>/dev/null || true\n    /usr/bin/xattr -d 'com.apple.fileprovider.fpfs#P' \"${item}\" 2>/dev/null || true\n    /usr/bin/xattr -d com.apple.ResourceFork \"${item}\" 2>/dev/null || true\n  done < <(/usr/bin/find \"${root}\" -print0)\n  /usr/bin/xattr -cr \"${root}\" 2>/dev/null || true\n}\nif [ ! -x \"${SRC}/qqmusic-helper\" ] || [ ! -d \"${SRC}/_internal.bundle\" ]; then\n  echo \"error: Missing QQMusic helper build product.\"\n  echo \"error: Run ./scripts/bootstrap.sh before building.\"\n  exit 1\nfi\nrm -rf \"${DST}\"\nmkdir -p \"${DST}\"\nCOPYFILE_DISABLE=1 /bin/cp -f \"${SRC}/qqmusic-helper\" \"${DST}/qqmusic-helper\"\nCOPYFILE_DISABLE=1 /usr/bin/ditto \"${SRC}/_internal.bundle\" \"${DST}/_internal.bundle\"\nclean_xattrs \"${DST}\"\nchmod 755 \"${DST}/qqmusic-helper\"\ncodesign --force --deep --sign - \"${DST}/qqmusic-helper\" >/dev/null 2>&1 || true\nclean_xattrs \"${APP}\"\n";
		};
		93D91A132FA5000000010002 /* Copy SACAD helper */ = {
			isa = PBXShellScriptBuildPhase;
			buildActionMask = 2147483647;
			files = (
			);
			inputFileListPaths = (
			);
			inputPaths = (
				"$(PROJECT_DIR)/.build/products/sacad/sacad",
			);
			name = "Copy SACAD helper";
			outputFileListPaths = (
			);
			outputPaths = (
				"$(TARGET_BUILD_DIR)/$(UNLOCALIZED_RESOURCES_FOLDER_PATH)/Tools/sacad/sacad",
			);
			runOnlyForDeploymentPostprocessing = 0;
			shellPath = /bin/bash;
			shellScript = "set -euo pipefail\nSRC=\"${PROJECT_DIR}/.build/products/sacad/sacad\"\nDST_DIR=\"${TARGET_BUILD_DIR}/${UNLOCALIZED_RESOURCES_FOLDER_PATH}/Tools/sacad\"\nDST=\"${DST_DIR}/sacad\"\nif [ ! -x \"${SRC}\" ]; then\n  echo \"error: Missing SACAD build product.\"\n  echo \"error: Run ./scripts/bootstrap.sh before building.\"\n  exit 1\nfi\nmkdir -p \"${DST_DIR}\"\nCOPYFILE_DISABLE=1 /bin/cp -f \"${SRC}\" \"${DST}\"\n/usr/bin/xattr -cr \"${DST}\" 2>/dev/null || true\nchmod 755 \"${DST}\"\n/usr/bin/codesign --force --sign - \"${DST}\" >/dev/null 2>&1 || true\n";
		};
		93D91A142FA5000000010003 /* Run Optional Build Hook */ = {
			isa = PBXShellScriptBuildPhase;
			alwaysOutOfDate = 1;
			buildActionMask = 2147483647;
			files = (
			);
			inputFileListPaths = (
			);
			inputPaths = (
				"$(PROJECT_DIR)/scripts/run_build_extension.sh",
				"$(BUILD_EXTENSION_HOOK)",
			);
			name = "Run Optional Build Hook";
			outputFileListPaths = (
			);
			outputPaths = (
			);
			runOnlyForDeploymentPostprocessing = 0;
			shellPath = /bin/bash;
			shellScript = "set -euo pipefail\n\"${PROJECT_DIR}/scripts/run_build_extension.sh\"\n";
		};
/* End PBXShellScriptBuildPhase section */

/* Begin PBXSourcesBuildPhase section */
		9351188E2F3231C500766A5F /* Sources */ = {
			isa = PBXSourcesBuildPhase;
			buildActionMask = 2147483647;
			files = (
				F01000000000000000000001 /* AppDelegate.swift in Sources */,
				F01000000000000000000002 /* DockController.swift in Sources */,
				F01000000000000000000003 /* PlaybackCommands.swift in Sources */,
				F01000000000000000000006 /* kmgccc_playerApp.swift in Sources */,
			);
			runOnlyForDeploymentPostprocessing = 0;
		};
		C02000000000000000000022 /* Sources */ = {
			isa = PBXSourcesBuildPhase;
			buildActionMask = 2147483647;
			files = (
				C02000000000000000000003 /* ExternalPlaybackTextNormalizer.swift in Sources */,
				C02000000000000000000004 /* SkinRoutePolicy.swift in Sources */,
				C02000000000000000000001 /* kmgccc_playerTests/MetadataMatchScorerTests.swift in Sources */,
				C02000000000000000000002 /* kmgccc_playerTests/SkinRoutePolicyTests.swift in Sources */,
				C02000000000000000000005 /* kmgccc_playerTests/CrashReportingTests.swift in Sources */,
				C02000000000000000000006 /* CrashReportModels.swift in Sources */,
				C02000000000000000000007 /* CrashReportSanitizer.swift in Sources */,
				C02000000000000000000008 /* CrashReportStore.swift in Sources */,
				C02000000000000000000009 /* MetricKitDiagnosticModels.swift in Sources */,
				C0200000000000000000000A /* MetricKitDiagnosticSanitizer.swift in Sources */,
				C0200000000000000000000B /* MetricKitDiagnosticStore.swift in Sources */,
				C03000000000000000000001 /* MusicLibraryRegistryTests.swift in Sources */,
				C03000000000000000000002 /* LibraryPathsTests.swift in Sources */,
				C03000000000000000000003 /* LegacyLibraryBootstrapTests.swift in Sources */,
				C03000000000000000000004 /* MusicLibraryManifest.swift in Sources */,
				C03000000000000000000005 /* MusicLibraryRegistryStore.swift in Sources */,
				C03000000000000000000006 /* LibraryContext.swift in Sources */,
				C03000000000000000000007 /* LibraryPaths.swift in Sources */,
				C03000000000000000000008 /* LegacyLibraryBootstrap.swift in Sources */,
				C03000000000000000000009 /* LibraryUpgradeJournal.swift in Sources */,
				C0300000000000000000000A /* LibraryLocationStore.swift in Sources */,
				C0300000000000000000000B /* LibrarySessionControllerTests.swift in Sources */,
				C0300000000000000000000C /* LibrarySessionController.swift in Sources */,
				C04000000000000000000001 /* TrackMediaLocatorTests.swift in Sources */,
				C04000000000000000000002 /* AudioLocatorResolutionTests.swift in Sources */,
				C04000000000000000000003 /* ReferencedFileIdentity.swift in Sources */,
				C04000000000000000000004 /* TrackMediaLocator.swift in Sources */,
				C04000000000000000000005 /* TrackAvailability.swift in Sources */,
				C04000000000000000000006 /* AudioLocatorResolution.swift in Sources */,
				C04000000000000000000007 /* TrackPreferenceStats.swift in Sources */,
				C04000000000000000000008 /* LibrarySidecars.swift in Sources */,
				C05000000000000000000001 /* LocatorPersistenceIntegrationTests.swift in Sources */,
				C06000000000000000000001 /* ReferencedNCMConversionTests.swift in Sources */,
				C07000000000000000000001 /* ReferencedSourceReconcilerTests.swift in Sources */,
				C08000000000000000000001 /* LibraryLifecycleTransactionTests.swift in Sources */,
				C09000000000000000000001 /* MusicSettingsStateTests.swift in Sources */,
				C0A000000000000000000001 /* LibraryInitialImportIntegrationTests.swift in Sources */,
				C0A10000000000000000000001 /* LibraryReimportGrowthIntegrationTests.swift in Sources */,
				C0B000000000000000000001 /* MusicSettingsRenderTests.swift in Sources */,
				C0C000000000000000000001 /* SourceReconnectMatcherTests.swift in Sources */,
				C11000000000000000000001 /* CrossSourceMoveIntegrationTests.swift in Sources */,
				C12000000000000000000001 /* ReferencedLibraryDomainMigrationTests.swift in Sources */,
				C13000000000000000000001 /* TrackIdentityResolverTests.swift in Sources */,
				C14000000000000000000001 /* ImportPlannerCommitterTests.swift in Sources */,
				C15000000000000000000001 /* AlbumIdentityImportTests.swift in Sources */,
				C16000000000000000000001 /* LibraryWriterLeaseTests.swift in Sources */,
				C17000000000000000000001 /* LibraryMutationCoordinatorTests.swift in Sources */,
				C18000000000000000000001 /* RepositoryImportCommitTests.swift in Sources */,
				C19000000000000000000001 /* PlaylistMembershipRollbackTests.swift in Sources */,
				C1A000000000000000000001 /* LibraryBackendImportTests.swift in Sources */,
				C0D000000000000000000001 /* Log.swift in Sources */,
				C0E000000000000000000001 /* TrackCredit.swift in Sources */,
				C0F000000000000000000001 /* LibraryTextNormalization.swift in Sources */,
			);
			runOnlyForDeploymentPostprocessing = 0;
		};
/* End PBXSourcesBuildPhase section */

/* Begin PBXTargetDependency section */
		C05000000000000000000030 /* PBXTargetDependency */ = {
			isa = PBXTargetDependency;
			target = 935118912F3231C500766A5F /* kmgccc_player */;
			targetProxy = C05000000000000000000020 /* PBXContainerItemProxy */;
		};
/* End PBXTargetDependency section */

/* Begin XCBuildConfiguration section */
		9351189B2F3231C700766A5F /* Debug */ = {
			isa = XCBuildConfiguration;
			baseConfigurationReference = A10000000000000000000001 /* Project.xcconfig */;
			buildSettings = {
				ALWAYS_SEARCH_USER_PATHS = NO;
				ASSETCATALOG_COMPILER_GENERATE_SWIFT_ASSET_SYMBOL_EXTENSIONS = YES;
				CLANG_ANALYZER_LOCALIZABILITY_NONLOCALIZED = YES;
				CLANG_ANALYZER_NONNULL = YES;
				CLANG_ANALYZER_NUMBER_OBJECT_CONVERSION = YES_AGGRESSIVE;
				CLANG_CXX_LANGUAGE_STANDARD = "gnu++20";
				CLANG_ENABLE_MODULES = YES;
				CLANG_ENABLE_OBJC_ARC = YES;
				CLANG_ENABLE_OBJC_WEAK = YES;
				CLANG_WARN_BLOCK_CAPTURE_AUTORELEASING = YES;
				CLANG_WARN_BOOL_CONVERSION = YES;
				CLANG_WARN_COMMA = YES;
				CLANG_WARN_CONSTANT_CONVERSION = YES;
				CLANG_WARN_DEPRECATED_OBJC_IMPLEMENTATIONS = YES;
				CLANG_WARN_DIRECT_OBJC_ISA_USAGE = YES_ERROR;
				CLANG_WARN_DOCUMENTATION_COMMENTS = YES;
				CLANG_WARN_EMPTY_BODY = YES;
				CLANG_WARN_ENUM_CONVERSION = YES;
				CLANG_WARN_INFINITE_RECURSION = YES;
				CLANG_WARN_INT_CONVERSION = YES;
				CLANG_WARN_NON_LITERAL_NULL_CONVERSION = YES;
				CLANG_WARN_OBJC_IMPLICIT_RETAIN_SELF = YES;
				CLANG_WARN_OBJC_LITERAL_CONVERSION = YES;
				CLANG_WARN_OBJC_ROOT_CLASS = YES_ERROR;
				CLANG_WARN_QUOTED_INCLUDE_IN_FRAMEWORK_HEADER = YES;
				CLANG_WARN_RANGE_LOOP_ANALYSIS = YES;
				CLANG_WARN_STRICT_PROTOTYPES = YES;
				CLANG_WARN_SUSPICIOUS_MOVE = YES;
				CLANG_WARN_UNGUARDED_AVAILABILITY = YES_AGGRESSIVE;
				CLANG_WARN_UNREACHABLE_CODE = YES;
				CLANG_WARN__DUPLICATE_METHOD_MATCH = YES;
				COMPILATION_CACHE_ENABLE_CACHING = NO;
				COPY_PHASE_STRIP = NO;
				DEAD_CODE_STRIPPING = YES;
				DEBUG_INFORMATION_FORMAT = dwarf;
				DEVELOPMENT_TEAM = TYU73KR9WW;
				ENABLE_STRICT_OBJC_MSGSEND = YES;
				ENABLE_TESTABILITY = YES;
				ENABLE_USER_SCRIPT_SANDBOXING = YES;
				GCC_C_LANGUAGE_STANDARD = gnu17;
				GCC_DYNAMIC_NO_PIC = NO;
				GCC_NO_COMMON_BLOCKS = YES;
				GCC_OPTIMIZATION_LEVEL = 0;
				GCC_PREPROCESSOR_DEFINITIONS = (
					"DEBUG=1",
					"$(inherited)",
				);
				GCC_WARN_64_TO_32_BIT_CONVERSION = YES;
				GCC_WARN_ABOUT_RETURN_TYPE = YES_ERROR;
				GCC_WARN_UNDECLARED_SELECTOR = YES;
				GCC_WARN_UNINITIALIZED_AUTOS = YES_AGGRESSIVE;
				GCC_WARN_UNUSED_FUNCTION = YES;
				GCC_WARN_UNUSED_VARIABLE = YES;
				LOCALIZATION_PREFERS_STRING_CATALOGS = YES;
				MACOSX_DEPLOYMENT_TARGET = 26.2;
				MTL_ENABLE_DEBUG_INFO = INCLUDE_SOURCE;
				MTL_FAST_MATH = YES;
				ONLY_ACTIVE_ARCH = YES;
				SDKROOT = macosx;
				STRING_CATALOG_GENERATE_SYMBOLS = YES;
				SWIFT_ACTIVE_COMPILATION_CONDITIONS = "DEBUG $(inherited)";
				SWIFT_OPTIMIZATION_LEVEL = "-Onone";
			};
			name = Debug;
		};
		9351189C2F3231C700766A5F /* Release */ = {
			isa = XCBuildConfiguration;
			baseConfigurationReference = A10000000000000000000001 /* Project.xcconfig */;
			buildSettings = {
				ALWAYS_SEARCH_USER_PATHS = NO;
				ARCHS = arm64;
				ASSETCATALOG_COMPILER_GENERATE_SWIFT_ASSET_SYMBOL_EXTENSIONS = YES;
				CLANG_ANALYZER_LOCALIZABILITY_NONLOCALIZED = YES;
				CLANG_ANALYZER_NONNULL = YES;
				CLANG_ANALYZER_NUMBER_OBJECT_CONVERSION = YES_AGGRESSIVE;
				CLANG_CXX_LANGUAGE_STANDARD = "gnu++20";
				CLANG_ENABLE_MODULES = YES;
				CLANG_ENABLE_OBJC_ARC = YES;
				CLANG_ENABLE_OBJC_WEAK = YES;
				CLANG_WARN_BLOCK_CAPTURE_AUTORELEASING = YES;
				CLANG_WARN_BOOL_CONVERSION = YES;
				CLANG_WARN_COMMA = YES;
				CLANG_WARN_CONSTANT_CONVERSION = YES;
				CLANG_WARN_DEPRECATED_OBJC_IMPLEMENTATIONS = YES;
				CLANG_WARN_DIRECT_OBJC_ISA_USAGE = YES_ERROR;
				CLANG_WARN_DOCUMENTATION_COMMENTS = YES;
				CLANG_WARN_EMPTY_BODY = YES;
				CLANG_WARN_ENUM_CONVERSION = YES;
				CLANG_WARN_INFINITE_RECURSION = YES;
				CLANG_WARN_INT_CONVERSION = YES;
				CLANG_WARN_NON_LITERAL_NULL_CONVERSION = YES;
				CLANG_WARN_OBJC_IMPLICIT_RETAIN_SELF = YES;
				CLANG_WARN_OBJC_LITERAL_CONVERSION = YES;
				CLANG_WARN_OBJC_ROOT_CLASS = YES_ERROR;
				CLANG_WARN_QUOTED_INCLUDE_IN_FRAMEWORK_HEADER = YES;
				CLANG_WARN_RANGE_LOOP_ANALYSIS = YES;
				CLANG_WARN_STRICT_PROTOTYPES = YES;
				CLANG_WARN_SUSPICIOUS_MOVE = YES;
				CLANG_WARN_UNGUARDED_AVAILABILITY = YES_AGGRESSIVE;
				CLANG_WARN_UNREACHABLE_CODE = YES;
				CLANG_WARN__DUPLICATE_METHOD_MATCH = YES;
				COPY_PHASE_STRIP = NO;
				DEAD_CODE_STRIPPING = YES;
				DEBUG_INFORMATION_FORMAT = "dwarf-with-dsym";
				DEVELOPMENT_TEAM = TYU73KR9WW;
				ENABLE_NS_ASSERTIONS = NO;
				ENABLE_STRICT_OBJC_MSGSEND = YES;
				ENABLE_USER_SCRIPT_SANDBOXING = YES;
				GCC_C_LANGUAGE_STANDARD = gnu17;
				GCC_NO_COMMON_BLOCKS = YES;
				GCC_WARN_64_TO_32_BIT_CONVERSION = YES;
				GCC_WARN_ABOUT_RETURN_TYPE = YES_ERROR;
				GCC_WARN_UNDECLARED_SELECTOR = YES;
				GCC_WARN_UNINITIALIZED_AUTOS = YES_AGGRESSIVE;
				GCC_WARN_UNUSED_FUNCTION = YES;
				GCC_WARN_UNUSED_VARIABLE = YES;
				LOCALIZATION_PREFERS_STRING_CATALOGS = YES;
				MACOSX_DEPLOYMENT_TARGET = 26.2;
				MTL_ENABLE_DEBUG_INFO = NO;
				MTL_FAST_MATH = YES;
				SDKROOT = macosx;
				STRING_CATALOG_GENERATE_SYMBOLS = YES;
				SWIFT_COMPILATION_MODE = wholemodule;
			};
			name = Release;
		};
		9351189E2F3231C700766A5F /* Debug */ = {
			isa = XCBuildConfiguration;
			buildSettings = {
				ARCHS = "$(ARCHS_STANDARD)";
				ASSETCATALOG_COMPILER_APPICON_NAME = kmgccc;
				ASSETCATALOG_COMPILER_GLOBAL_ACCENT_COLOR_NAME = AccentColor;
				ASSETCATALOG_COMPILER_INCLUDE_ALL_APPICON_ASSETS = YES;
				AUTOMATION_APPLE_EVENTS = NO;
				CODE_SIGN_ENTITLEMENTS = kmgccc_player/kmgccc_player.entitlements;
				"CODE_SIGN_IDENTITY[sdk=macosx*]" = "Apple Development";
				CODE_SIGN_STYLE = Automatic;
				COMBINE_HIDPI_IMAGES = YES;
				CURRENT_PROJECT_VERSION = 9;
				DEAD_CODE_STRIPPING = YES;
				DEVELOPMENT_TEAM = TYU73KR9WW;
				ENABLE_APP_SANDBOX = NO;
				ENABLE_DEBUG_DYLIB = NO;
				ENABLE_HARDENED_RUNTIME = NO;
				ENABLE_PREVIEWS = YES;
				ENABLE_RESOURCE_ACCESS_PHOTO_LIBRARY = NO;
				ENABLE_USER_SCRIPT_SANDBOXING = NO;
				GENERATE_INFOPLIST_FILE = YES;
				INFOPLIST_FILE = kmgccc_player/Info.plist;
				INFOPLIST_KEY_CFBundleDisplayName = kmgccc_player;
				INFOPLIST_KEY_LSApplicationCategoryType = "public.app-category.music";
				INFOPLIST_KEY_NSHumanReadableCopyright = "";
				LD_RUNPATH_SEARCH_PATHS = (
					"$(inherited)",
					"@executable_path/../Frameworks",
				);
				LIBRARY_SEARCH_PATHS = "$(inherited)";
				MACOSX_DEPLOYMENT_TARGET = 26.0;
				MARKETING_VERSION = 2.2.1;
				PRODUCT_BUNDLE_IDENTIFIER = kmgccc.player;
				PRODUCT_NAME = "$(TARGET_NAME)";
				REGISTER_APP_GROUPS = YES;
				RUNTIME_EXCEPTION_ALLOW_DYLD_ENVIRONMENT_VARIABLES = NO;
				RUNTIME_EXCEPTION_ALLOW_JIT = NO;
				RUNTIME_EXCEPTION_ALLOW_UNSIGNED_EXECUTABLE_MEMORY = NO;
				RUNTIME_EXCEPTION_DEBUGGING_TOOL = NO;
				RUNTIME_EXCEPTION_DISABLE_EXECUTABLE_PAGE_PROTECTION = NO;
				RUNTIME_EXCEPTION_DISABLE_LIBRARY_VALIDATION = NO;
				STRING_CATALOG_GENERATE_SYMBOLS = YES;
				SWIFT_APPROACHABLE_CONCURRENCY = YES;
				SWIFT_OBJC_BRIDGING_HEADER = "kmgccc_player/Support/LibraryWriterLockShim.h";
				SWIFT_DEFAULT_ACTOR_ISOLATION = MainActor;
				SWIFT_EMIT_LOC_STRINGS = YES;
				SWIFT_UPCOMING_FEATURE_MEMBER_IMPORT_VISIBILITY = YES;
				SWIFT_VERSION = 6.0;
			};
			name = Debug;
		};
		9351189F2F3231C700766A5F /* Release */ = {
			isa = XCBuildConfiguration;
			buildSettings = {
				ARCHS = "$(ARCHS_STANDARD)";
				ASSETCATALOG_COMPILER_APPICON_NAME = kmgccc;
				ASSETCATALOG_COMPILER_GLOBAL_ACCENT_COLOR_NAME = AccentColor;
				ASSETCATALOG_COMPILER_INCLUDE_ALL_APPICON_ASSETS = YES;
				AUTOMATION_APPLE_EVENTS = NO;
				CODE_SIGN_ENTITLEMENTS = kmgccc_player/kmgccc_player.release.entitlements;
				CODE_SIGN_IDENTITY = "Apple Development";
				"CODE_SIGN_IDENTITY[sdk=macosx*]" = "Apple Development";
				CODE_SIGN_STYLE = Automatic;
				COMBINE_HIDPI_IMAGES = YES;
				CURRENT_PROJECT_VERSION = 9;
				DEAD_CODE_STRIPPING = YES;
				DEVELOPMENT_TEAM = TYU73KR9WW;
				ENABLE_APP_SANDBOX = NO;
				ENABLE_HARDENED_RUNTIME = NO;
				ENABLE_PREVIEWS = YES;
				ENABLE_RESOURCE_ACCESS_PHOTO_LIBRARY = NO;
				ENABLE_USER_SCRIPT_SANDBOXING = NO;
				GENERATE_INFOPLIST_FILE = YES;
				INFOPLIST_FILE = kmgccc_player/Info.plist;
				INFOPLIST_KEY_CFBundleDisplayName = kmgccc_player;
				INFOPLIST_KEY_LSApplicationCategoryType = "public.app-category.music";
				INFOPLIST_KEY_NSHumanReadableCopyright = "";
				LD_RUNPATH_SEARCH_PATHS = (
					"$(inherited)",
					"@executable_path/../Frameworks",
				);
				LIBRARY_SEARCH_PATHS = "$(inherited)";
				MACOSX_DEPLOYMENT_TARGET = 26.0;
				MARKETING_VERSION = 2.2.1;
				PRODUCT_BUNDLE_IDENTIFIER = kmgccc.player;
				PRODUCT_NAME = "$(TARGET_NAME)";
				PROVISIONING_PROFILE_SPECIFIER = "";
				REGISTER_APP_GROUPS = YES;
				RUNTIME_EXCEPTION_ALLOW_DYLD_ENVIRONMENT_VARIABLES = NO;
				RUNTIME_EXCEPTION_ALLOW_JIT = NO;
				RUNTIME_EXCEPTION_ALLOW_UNSIGNED_EXECUTABLE_MEMORY = NO;
				RUNTIME_EXCEPTION_DEBUGGING_TOOL = NO;
				RUNTIME_EXCEPTION_DISABLE_EXECUTABLE_PAGE_PROTECTION = NO;
				RUNTIME_EXCEPTION_DISABLE_LIBRARY_VALIDATION = NO;
				STRING_CATALOG_GENERATE_SYMBOLS = YES;
				SWIFT_APPROACHABLE_CONCURRENCY = YES;
				SWIFT_OBJC_BRIDGING_HEADER = "kmgccc_player/Support/LibraryWriterLockShim.h";
				SWIFT_DEFAULT_ACTOR_ISOLATION = MainActor;
				SWIFT_EMIT_LOC_STRINGS = YES;
				SWIFT_UPCOMING_FEATURE_MEMBER_IMPORT_VISIBILITY = YES;
				SWIFT_VERSION = 6.0;
			};
			name = Release;
		};
		C02000000000000000000040 /* Debug */ = {
			isa = XCBuildConfiguration;
			buildSettings = {
				ALWAYS_SEARCH_USER_PATHS = NO;
				ARCHS = arm64;
				BUNDLE_LOADER = "$(TEST_HOST)";
				CLANG_ENABLE_MODULES = YES;
				CODE_SIGN_STYLE = Automatic;
				ENABLE_TESTABILITY = YES;
				GENERATE_INFOPLIST_FILE = YES;
				MACOSX_DEPLOYMENT_TARGET = 26.0;
				PRODUCT_BUNDLE_IDENTIFIER = kmgccc.player.tests;
				PRODUCT_NAME = "$(TARGET_NAME)";
				SDKROOT = macosx;
				SWIFT_VERSION = 6.0;
				TEST_HOST = "$(BUILT_PRODUCTS_DIR)/kmgccc_player.app/Contents/MacOS/kmgccc_player";
			};
			name = Debug;
		};
		C02000000000000000000041 /* Release */ = {
			isa = XCBuildConfiguration;
			buildSettings = {
				ALWAYS_SEARCH_USER_PATHS = NO;
				ARCHS = arm64;
				BUNDLE_LOADER = "$(TEST_HOST)";
				CLANG_ENABLE_MODULES = YES;
				CODE_SIGN_STYLE = Automatic;
				GENERATE_INFOPLIST_FILE = YES;
				MACOSX_DEPLOYMENT_TARGET = 26.0;
				PRODUCT_BUNDLE_IDENTIFIER = kmgccc.player.tests;
				PRODUCT_NAME = "$(TARGET_NAME)";
				SDKROOT = macosx;
				SWIFT_VERSION = 6.0;
				TEST_HOST = "$(BUILT_PRODUCTS_DIR)/kmgccc_player.app/Contents/MacOS/kmgccc_player";
			};
			name = Release;
		};
/* End XCBuildConfiguration section */

/* Begin XCConfigurationList section */
		9351188D2F3231C500766A5F /* Build configuration list for PBXProject "kmgccc_player" */ = {
			isa = XCConfigurationList;
			buildConfigurations = (
				9351189B2F3231C700766A5F /* Debug */,
				9351189C2F3231C700766A5F /* Release */,
			);
			defaultConfigurationIsVisible = 0;
			defaultConfigurationName = Release;
		};
		9351189D2F3231C700766A5F /* Build configuration list for PBXNativeTarget "kmgccc_player" */ = {
			isa = XCConfigurationList;
			buildConfigurations = (
				9351189E2F3231C700766A5F /* Debug */,
				9351189F2F3231C700766A5F /* Release */,
			);
			defaultConfigurationIsVisible = 0;
			defaultConfigurationName = Release;
		};
		C02000000000000000000043 /* Build configuration list for PBXNativeTarget "kmgccc_playerTests" */ = {
			isa = XCConfigurationList;
			buildConfigurations = (
				C02000000000000000000040 /* Debug */,
				C02000000000000000000041 /* Release */,
			);
			defaultConfigurationIsVisible = 0;
			defaultConfigurationName = Release;
		};
/* End XCConfigurationList section */

/* Begin XCRemoteSwiftPackageReference section */
		AA0000000000000000000001 /* XCRemoteSwiftPackageReference "WhatsNewKit" */ = {
			isa = XCRemoteSwiftPackageReference;
			repositoryURL = "https://github.com/SvenTiigi/WhatsNewKit.git";
			requirement = {
				kind = exactVersion;
				version = 2.2.1;
			};
		};
		AA0000000000000000000003 /* XCRemoteSwiftPackageReference "plcrashreporter" */ = {
			isa = XCRemoteSwiftPackageReference;
			repositoryURL = "https://github.com/microsoft/plcrashreporter.git";
			requirement = {
				kind = exactVersion;
				version = 1.12.2;
			};
		};
/* End XCRemoteSwiftPackageReference section */

/* Begin XCLocalSwiftPackageReference section */
		D10000000000000000000001 /* XCLocalSwiftPackageReference "PlayerAutomation" */ = {
			isa = XCLocalSwiftPackageReference;
			relativePath = Dependencies/PlayerAutomation;
		};
/* End XCLocalSwiftPackageReference section */

/* Begin XCSwiftPackageProductDependency section */
		AA0000000000000000000002 /* WhatsNewKit */ = {
			isa = XCSwiftPackageProductDependency;
			package = AA0000000000000000000001 /* XCRemoteSwiftPackageReference "WhatsNewKit" */;
			productName = WhatsNewKit;
		};
		AA0000000000000000000004 /* CrashReporter */ = {
			isa = XCSwiftPackageProductDependency;
			package = AA0000000000000000000003 /* XCRemoteSwiftPackageReference "plcrashreporter" */;
			productName = CrashReporter;
		};
		D10000000000000000000002 /* PlayerAutomationProtocol */ = {
			isa = XCSwiftPackageProductDependency;
			package = D10000000000000000000001 /* XCLocalSwiftPackageReference "PlayerAutomation" */;
			productName = PlayerAutomationProtocol;
		};
		D10000000000000000000003 /* PlayerAutomationIPC */ = {
			isa = XCSwiftPackageProductDependency;
			package = D10000000000000000000001 /* XCLocalSwiftPackageReference "PlayerAutomation" */;
			productName = PlayerAutomationIPC;
		};
/* End XCSwiftPackageProductDependency section */
	};
	rootObject = 9351188A2F3231C500766A5F /* Project object */;
}
